// !$*UTF8*$!
{
	archiveVersion = 1;
	classes = {
	};
	objectVersion = 46;
	objects = {

/* Begin PBXAggregateTarget section */
		85F26B130C609BEAC5912DE5 /* GuitarAmpBasic - All */ = {
			isa = PBXAggregateTarget;
			buildConfigurationList = 57C4267E4937475A4C0CC31B /* Build configuration list for PBXAggregateTarget "GuitarAmpBasic - All" */;
			buildPhases = (
			);
			dependencies = (
				4C21D9B653643F5B307FF6D6 /* PBXTargetDependency */,
				DA3D4222F65581E6CD1D1B38 /* PBXTargetDependency */,
				C039555CF84A3070A57AA671 /* PBXTargetDependency */,
				5A77E0C85CD9A3F20787FA8C /* PBXTargetDependency */,
			);
			name = "GuitarAmpBasic - All";
			productName = GuitarAmpBasic;
		};
/* End PBXAggregateTarget section */

/* Begin PBXBuildFile section */
		01D7886C401BC97B51E4931E /* include_juce_audio_utils.mm in Sources */ = {isa = PBXBuildFile; fileRef = 8CF63CAC4427CEAB7B2A7EAF /* include_juce_audio_utils.mm */; };
		06F6CD6FA517DFD3D9E7DBC0 /* QuartzCore.framework in Frameworks */ = {isa = PBXBuildFile; fileRef = 8A0BB644690F1D12E8C461F8 /* QuartzCore.framework */; };
		2F4ED0DB8BA9C2D3B5D18DCE /* include_juce_dsp.mm in Sources */ = {isa = PBXBuildFile; fileRef = BA273AFE397FC6C143A7D207 /* include_juce_dsp.mm */; };
		32EB6F380066317D843EF505 /* DiscRecording.framework in Frameworks */ = {isa = PBXBuildFile; fileRef = 40C64CBE699353BEA0016CD0 /* DiscRecording.framework */; };
		3426613F898198B907CE012D /* include_juce_audio_processors.mm in Sources */ = {isa = PBXBuildFile; fileRef = 6696D47905BF3E8E88738DF6 /* include_juce_audio_processors.mm */; };
		34F558802A1D491E00532913 /* RecentFilesMenuTemplate.nib in Resources */ = {isa = PBXBuildFile; fileRef = 32D009006261577A0E973A94 /* RecentFilesMenuTemplate.nib */; };
		34F558812A1D491E00532913 /* Accelerate.framework in Frameworks */ = {isa = PBXBuildFile; fileRef = 2BD192FD5E40E2CBE727EE52 /* Accelerate.framework */; };
		34F558822A1D491E00532913 /* AudioToolbox.framework in Frameworks */ = {isa = PBXBuildFile; fileRef = 4BA0C9B4E3DBE45DB8F046C2 /* AudioToolbox.framework */; };
		34F558832A1D491E00532913 /* Cocoa.framework in Frameworks */ = {isa = PBXBuildFile; fileRef = 3A40134FDE00E6930A7F0A03 /* Cocoa.framework */; };
		34F558842A1D491E00532913 /* CoreAudio.framework in Frameworks */ = {isa = PBXBuildFile; fileRef = E250050908B7A170978AFD96 /* CoreAudio.framework */; };
		34F558852A1D491E00532913 /* CoreAudioKit.framework in Frameworks */ = {isa = PBXBuildFile; fileRef = 5CCE106C0370E72C5C8B9817 /* CoreAudioKit.framework */; };
		34F558862A1D491E00532913 /* CoreMIDI.framework in Frameworks */ = {isa = PBXBuildFile; fileRef = EEC0495E0148EF14C47415F1 /* CoreMIDI.framework */; };
		34F558872A1D491E00532913 /* DiscRecording.framework in Frameworks */ = {isa = PBXBuildFile; fileRef = 40C64CBE699353BEA0016CD0 /* DiscRecording.framework */; };
		34F558882A1D491E00532913 /* Foundation.framework in Frameworks */ = {isa = PBXBuildFile; fileRef = 4E36EEBB553A361FEF973FFA /* Foundation.framework */; };
		34F558892A1D491E00532913 /* IOKit.framework in Frameworks */ = {isa = PBXBuildFile; fileRef = 317F2DCD0E23FE22E926A888 /* IOKit.framework */; };
		34F5588A2A1D491E00532913 /* QuartzCore.framework in Frameworks */ = {isa = PBXBuildFile; fileRef = 8A0BB644690F1D12E8C461F8 /* QuartzCore.framework */; };
		34F5588B2A1D491E00532913 /* WebKit.framework in Frameworks */ = {isa = PBXBuildFile; fileRef = 1358287347664E707F3F9910 /* WebKit.framework */; };
		34F5588C2A1D491E00532913 /* RecentFilesMenuTemplate.nib in Resources */ = {isa = PBXBuildFile; fileRef = 32D009006261577A0E973A94 /* RecentFilesMenuTemplate.nib */; };
		34F5588D2A1D491E00532913 /* Accelerate.framework in Frameworks */ = {isa = PBXBuildFile; fileRef = 2BD192FD5E40E2CBE727EE52 /* Accelerate.framework */; };
		34F5588E2A1D491E00532913 /* AudioToolbox.framework in Frameworks */ = {isa = PBXBuildFile; fileRef = 4BA0C9B4E3DBE45DB8F046C2 /* AudioToolbox.framework */; };
		34F5588F2A1D491E00532913 /* Cocoa.framework in Frameworks */ = {isa = PBXBuildFile; fileRef = 3A40134FDE00E6930A7F0A03 /* Cocoa.framework */; };
		34F558902A1D491E00532913 /* CoreAudio.framework in Frameworks */ = {isa = PBXBuildFile; fileRef = E250050908B7A170978AFD96 /* CoreAudio.framework */; };
		34F558912A1D491E00532913 /* CoreAudioKit.framework in Frameworks */ = {isa = PBXBuildFile; fileRef = 5CCE106C0370E72C5C8B9817 /* CoreAudioKit.framework */; };
		34F558922A1D491E00532913 /* CoreMIDI.framework in Frameworks */ = {isa = PBXBuildFile; fileRef = EEC0495E0148EF14C47415F1 /* CoreMIDI.framework */; };
		34F558932A1D491E00532913 /* DiscRecording.framework in Frameworks */ = {isa = PBXBuildFile; fileRef = 40C64CBE699353BEA0016CD0 /* DiscRecording.framework */; };
		34F558942A1D491E00532913 /* Foundation.framework in Frameworks */ = {isa = PBXBuildFile; fileRef = 4E36EEBB553A361FEF973FFA /* Foundation.framework */; };
		34F558952A1D491E00532913 /* IOKit.framework in Frameworks */ = {isa = PBXBuildFile; fileRef = 317F2DCD0E23FE22E926A888 /* IOKit.framework */; };
		34F558962A1D491E00532913 /* QuartzCore.framework in Frameworks */ = {isa = PBXBuildFile; fileRef = 8A0BB644690F1D12E8C461F8 /* QuartzCore.framework */; };
		34F558972A1D491E00532913 /* WebKit.framework in Frameworks */ = {isa = PBXBuildFile; fileRef = 1358287347664E707F3F9910 /* WebKit.framework */; };
		3A6871F6AE9F7832CD37271F /* include_juce_core.mm in Sources */ = {isa = PBXBuildFile; fileRef = 813C3DDEBD69A85E37A47187 /* include_juce_core.mm */; };
		4A14C5D8F4C357FBCAF67EB1 /* include_juce_audio_plugin_client_AU_1.mm in Sources */ = {isa = PBXBuildFile; fileRef = 322089AAB83228C01DD0BE3B /* include_juce_audio_plugin_client_AU_1.mm */; };
		59D47A1D1B58957CB8149524 /* include_juce_audio_basics.mm in Sources */ = {isa = PBXBuildFile; fileRef = E86FDB5CB4F6614F31F88C95 /* include_juce_audio_basics.mm */; };
		5DDD9FA61F1AD00E3882D8E8 /* include_juce_gui_extra.mm in Sources */ = {isa = PBXBuildFile; fileRef = 227462AD20559BA9D8F99E82 /* include_juce_gui_extra.mm */; };
		63A25775924BB414D906D107 /* include_juce_audio_plugin_client_VST_utils.mm in Sources */ = {isa = PBXBuildFile; fileRef = D5BA3CFB1AF60A0C6A7BE697 /* include_juce_audio_plugin_client_VST_utils.mm */; };
		678C6C5238CAEE5A4BAACB13 /* Cocoa.framework in Frameworks */ = {isa = PBXBuildFile; fileRef = 3A40134FDE00E6930A7F0A03 /* Cocoa.framework */; };
		7558E8809CEE0C57AAA6EB8A /* include_juce_audio_plugin_client_utils.cpp in Sources */ = {isa = PBXBuildFile; fileRef = D6D966DBF50BB9554E8BA839 /* include_juce_audio_plugin_client_utils.cpp */; };
		7BCDB72DBB4B7DC5CDC8999A /* include_juce_audio_plugin_client_VST3.cpp in Sources */ = {isa = PBXBuildFile; fileRef = DE29617CC10800B32684A78C /* include_juce_audio_plugin_client_VST3.cpp */; };
		80654B3988FCA7EB0CA54E74 /* include_juce_graphics.mm in Sources */ = {isa = PBXBuildFile; fileRef = D66D8651F8FA2A9677E0D382 /* include_juce_graphics.mm */; };
		815A9D3074DC07B6F6F465EF /* CoreAudio.framework in Frameworks */ = {isa = PBXBuildFile; fileRef = E250050908B7A170978AFD96 /* CoreAudio.framework */; };
		83BD9F1BAD5D5E19156F65F7 /* CoreAudioKit.framework in Frameworks */ = {isa = PBXBuildFile; fileRef = 5CCE106C0370E72C5C8B9817 /* CoreAudioKit.framework */; };
		8B1A3304FA0C40090426023B /* IOKit.framework in Frameworks */ = {isa = PBXBuildFile; fileRef = 317F2DCD0E23FE22E926A888 /* IOKit.framework */; };
		8F150ECA116AA9E652A2AD16 /* include_juce_audio_processors_ara.cpp in Sources */ = {isa = PBXBuildFile; fileRef = AA36A45F4BB95E3BEA25B97F /* include_juce_audio_processors_ara.cpp */; };
		96661F68EC782A169ACCA80C /* include_juce_gui_basics.mm in Sources */ = {isa = PBXBuildFile; fileRef = 6CAC8B098D215869B81E8C63 /* include_juce_gui_basics.mm */; };
		985AE546260C8EFBA7BC03A3 /* Accelerate.framework in Frameworks */ = {isa = PBXBuildFile; fileRef = 2BD192FD5E40E2CBE727EE52 /* Accelerate.framework */; };
		9D5DEA838CA07B7937C211E1 /* PluginProcessor.cpp in Sources */ = {isa = PBXBuildFile; fileRef = E794A963FE2314FDADD1C6A5 /* PluginProcessor.cpp */; };
		A31AF2302F3669541A2498F2 /* include_juce_events.mm in Sources */ = {isa = PBXBuildFile; fileRef = 842D119E6265BC2235F5A811 /* include_juce_events.mm */; };
		A412860A69801E17A9ED3F52 /* include_juce_audio_devices.mm in Sources */ = {isa = PBXBuildFile; fileRef = D24E3E42A5166DC383D999EB /* include_juce_audio_devices.mm */; };
		A437B1824072667D7D56C6E9 /* Foundation.framework in Frameworks */ = {isa = PBXBuildFile; fileRef = 4E36EEBB553A361FEF973FFA /* Foundation.framework */; };
		A68EB9D50361359B86E78DAE /* CoreMIDI.framework in Frameworks */ = {isa = PBXBuildFile; fileRef = EEC0495E0148EF14C47415F1 /* CoreMIDI.framework */; };
		A6F791058107BC48F562F4EC /* include_juce_audio_plugin_client_AU.r in Rez */ = {isa = PBXBuildFile; fileRef = 9D66C1C0AE7C0A0B22AEAC6F /* include_juce_audio_plugin_client_AU.r */; };
		A95BDD4D57EE15A6621186FE /* include_juce_audio_plugin_client_Standalone.cpp in Sources */ = {isa = PBXBuildFile; fileRef = 6DDEC03F39A6FA51F5A8495D /* include_juce_audio_plugin_client_Standalone.cpp */; };
		A9DFC95FB97D791654F0574E /* include_juce_data_structures.mm in Sources */ = {isa = PBXBuildFile; fileRef = 66DE3FC4E37F91AC6DA6AC53 /* include_juce_data_structures.mm */; };
		AB6AE870B4101FF56339A1EF /* RecentFilesMenuTemplate.nib in Resources */ = {isa = PBXBuildFile; fileRef = 32D009006261577A0E973A94 /* RecentFilesMenuTemplate.nib */; };
		B3D82FC4682288A599003E39 /* PluginEditor.cpp in Sources */ = {isa = PBXBuildFile; fileRef = 686F98779F57668AE6EB4752 /* PluginEditor.cpp */; };
		CC914288CBE0DF5339ECAA9B /* WebKit.framework in Frameworks */ = {isa = PBXBuildFile; fileRef = 1358287347664E707F3F9910 /* WebKit.framework */; };
		CFAC52893D3C15EF70189475 /* include_juce_audio_plugin_client_AU_2.mm in Sources */ = {isa = PBXBuildFile; fileRef = D3DE60409DA32BADE5D8AF1C /* include_juce_audio_plugin_client_AU_2.mm */; };
		D94D22E711E05D510D10A86C /* include_juce_audio_processors_lv2_libs.cpp in Sources */ = {isa = PBXBuildFile; fileRef = B4B8585586DD7E53D57EC3A0 /* include_juce_audio_processors_lv2_libs.cpp */; };
		E8CA38827A23193B6E1DD40E /* include_juce_audio_plugin_client_ARA.cpp in Sources */ = {isa = PBXBuildFile; fileRef = 0C540C9D1481B2800E7922B4 /* include_juce_audio_plugin_client_ARA.cpp */; };
		EDC3F60981C0D055E9EA3ABF /* AudioToolbox.framework in Frameworks */ = {isa = PBXBuildFile; fileRef = 4BA0C9B4E3DBE45DB8F046C2 /* AudioToolbox.framework */; };
		FCA2126817D1C808BF562B67 /* AudioUnit.framework in Frameworks */ = {isa = PBXBuildFile; fileRef = 9E3776B7EACC3B887C33ACFE /* AudioUnit.framework */; };
		FEE642C9FC36F4CBB462BCB4 /* include_juce_audio_formats.mm in Sources */ = {isa = PBXBuildFile; fileRef = 988A298E4477025DF95F87F2 /* include_juce_audio_formats.mm */; };
/* End PBXBuildFile section */

/* Begin PBXContainerItemProxy section */
		34F558982A1D491E00532913 /* PBXContainerItemProxy */ = {
			isa = PBXContainerItemProxy;
			containerPortal = C1CBA610FCB26361D8F3844E /* Project object */;
			proxyType = 1;
			remoteGlobalIDString = 2672ADCB6F1EB34E693DCD73;
			remoteInfo = "GuitarAmpBasic - Shared Code";
		};
		34F558992A1D491E00532913 /* PBXContainerItemProxy */ = {
			isa = PBXContainerItemProxy;
			containerPortal = C1CBA610FCB26361D8F3844E /* Project object */;
			proxyType = 1;
			remoteGlobalIDString = 2672ADCB6F1EB34E693DCD73;
			remoteInfo = "GuitarAmpBasic - Shared Code";
		};
		34F5589A2A1D491E00532913 /* PBXContainerItemProxy */ = {
			isa = PBXContainerItemProxy;
			containerPortal = C1CBA610FCB26361D8F3844E /* Project object */;
			proxyType = 1;
			remoteGlobalIDString = 2672ADCB6F1EB34E693DCD73;
			remoteInfo = "GuitarAmpBasic - Shared Code";
		};
		34F5589B2A1D491E00532913 /* PBXContainerItemProxy */ = {
			isa = PBXContainerItemProxy;
			containerPortal = C1CBA610FCB26361D8F3844E /* Project object */;
			proxyType = 1;
			remoteGlobalIDString = 601F74DC8CAD5CCF6CE31A00;
			remoteInfo = "GuitarAmpBasic - VST3";
		};
		34F5589C2A1D491E00532913 /* PBXContainerItemProxy */ = {
			isa = PBXContainerItemProxy;
			containerPortal = C1CBA610FCB26361D8F3844E /* Project object */;
			proxyType = 1;
			remoteGlobalIDString = 7549347A55E3C7426EF537A7;
			remoteInfo = "GuitarAmpBasic - AU";
		};
		34F5589D2A1D491E00532913 /* PBXContainerItemProxy */ = {
			isa = PBXContainerItemProxy;
			containerPortal = C1CBA610FCB26361D8F3844E /* Project object */;
			proxyType = 1;
			remoteGlobalIDString = 23110E8F6045C869FD14C848;
			remoteInfo = "GuitarAmpBasic - Standalone Plugin";
		};
		34F5589E2A1D491E00532913 /* PBXContainerItemProxy */ = {
			isa = PBXContainerItemProxy;
			containerPortal = C1CBA610FCB26361D8F3844E /* Project object */;
			proxyType = 1;
			remoteGlobalIDString = 2672ADCB6F1EB34E693DCD73;
			remoteInfo = "GuitarAmpBasic - Shared Code";
		};
/* End PBXContainerItemProxy section */

/* Begin PBXFileReference section */
		0944F9A1DD2446E15D27D876 /* Info-AU.plist */ = {isa = PBXFileReference; lastKnownFileType = text.plist.xml; path = "Info-AU.plist"; sourceTree = SOURCE_ROOT; };
		0C540C9D1481B2800E7922B4 /* include_juce_audio_plugin_client_ARA.cpp */ = {isa = PBXFileReference; lastKnownFileType = sourcecode.cpp.cpp; name = include_juce_audio_plugin_client_ARA.cpp; path = ../../JuceLibraryCode/include_juce_audio_plugin_client_ARA.cpp; sourceTree = SOURCE_ROOT; };
		1358287347664E707F3F9910 /* WebKit.framework */ = {isa = PBXFileReference; lastKnownFileType = wrapper.framework; name = WebKit.framework; path = System/Library/Frameworks/WebKit.framework; sourceTree = SDKROOT; };
		227462AD20559BA9D8F99E82 /* include_juce_gui_extra.mm */ = {isa = PBXFileReference; lastKnownFileType = sourcecode.cpp.objcpp; name = include_juce_gui_extra.mm; path = ../../JuceLibraryCode/include_juce_gui_extra.mm; sourceTree = SOURCE_ROOT; };
		238BBACE1FEBCDC9AF631D19 /* juce_audio_basics */ = {isa = PBXFileReference; lastKnownFileType = folder; name = juce_audio_basics; path = /Applications/JUCE/modules/juce_audio_basics; sourceTree = "<absolute>"; };
		2BD192FD5E40E2CBE727EE52 /* Accelerate.framework */ = {isa = PBXFileReference; lastKnownFileType = wrapper.framework; name = Accelerate.framework; path = System/Library/Frameworks/Accelerate.framework; sourceTree = SDKROOT; };
		2BDE219FCCCA9C9AB8E0E1CD /* juce_audio_utils */ = {isa = PBXFileReference; lastKnownFileType = folder; name = juce_audio_utils; path = /Applications/JUCE/modules/juce_audio_utils; sourceTree = "<absolute>"; };
		317F2DCD0E23FE22E926A888 /* IOKit.framework */ = {isa = PBXFileReference; lastKnownFileType = wrapper.framework; name = IOKit.framework; path = System/Library/Frameworks/IOKit.framework; sourceTree = SDKROOT; };
		322089AAB83228C01DD0BE3B /* include_juce_audio_plugin_client_AU_1.mm */ = {isa = PBXFileReference; lastKnownFileType = sourcecode.cpp.objcpp; name = include_juce_audio_plugin_client_AU_1.mm; path = ../../JuceLibraryCode/include_juce_audio_plugin_client_AU_1.mm; sourceTree = SOURCE_ROOT; };
		32D009006261577A0E973A94 /* RecentFilesMenuTemplate.nib */ = {isa = PBXFileReference; lastKnownFileType = file.nib; path = RecentFilesMenuTemplate.nib; sourceTree = SOURCE_ROOT; };
		346C432F367207F5CDBBD657 /* GuitarAmpBasic.component */ = {isa = PBXFileReference; explicitFileType = wrapper.cfbundle; includeInIndex = 0; path = GuitarAmpBasic.component; sourceTree = BUILT_PRODUCTS_DIR; };
		3905D432D952603FF92C89DF /* JucePluginDefines.h */ = {isa = PBXFileReference; lastKnownFileType = sourcecode.c.h; name = JucePluginDefines.h; path = ../../JuceLibraryCode/JucePluginDefines.h; sourceTree = SOURCE_ROOT; };
		3A40134FDE00E6930A7F0A03 /* Cocoa.framework */ = {isa = PBXFileReference; lastKnownFileType = wrapper.framework; name = Cocoa.framework; path = System/Library/Frameworks/Cocoa.framework; sourceTree = SDKROOT; };
		3A5B77CB75F1E9A13BE6B674 /* Info-Standalone_Plugin.plist */ = {isa = PBXFileReference; lastKnownFileType = text.plist.xml; path = "Info-Standalone_Plugin.plist"; sourceTree = SOURCE_ROOT; };
		3DFDEE6A3DB65193EFBE4F4C /* juce_dsp */ = {isa = PBXFileReference; lastKnownFileType = folder; name = juce_dsp; path = /Applications/JUCE/modules/juce_dsp; sourceTree = "<absolute>"; };
		40C64CBE699353BEA0016CD0 /* DiscRecording.framework */ = {isa = PBXFileReference; lastKnownFileType = wrapper.framework; name = DiscRecording.framework; path = System/Library/Frameworks/DiscRecording.framework; sourceTree = SDKROOT; };
		428D43B1CB8EF7E304BB7257 /* juce_events */ = {isa = PBXFileReference; lastKnownFileType = folder; name = juce_events; path = /Applications/JUCE/modules/juce_events; sourceTree = "<absolute>"; };
		43ACF6D5D4E84030D072601D /* juce_audio_devices */ = {isa = PBXFileReference; lastKnownFileType = folder; name = juce_audio_devices; path = /Applications/JUCE/modules/juce_audio_devices; sourceTree = "<absolute>"; };
		4BA0C9B4E3DBE45DB8F046C2 /* AudioToolbox.framework */ = {isa = PBXFileReference; lastKnownFileType = wrapper.framework; name = AudioToolbox.framework; path = System/Library/Frameworks/AudioToolbox.framework; sourceTree = SDKROOT; };
		4E36EEBB553A361FEF973FFA /* Foundation.framework */ = {isa = PBXFileReference; lastKnownFileType = wrapper.framework; name = Foundation.framework; path = System/Library/Frameworks/Foundation.framework; sourceTree = SDKROOT; };
		54B61EF5A00453E2146CDBA9 /* juce_audio_processors */ = {isa = PBXFileReference; lastKnownFileType = folder; name = juce_audio_processors; path = /Applications/JUCE/modules/juce_audio_processors; sourceTree = "<absolute>"; };
		5CCE106C0370E72C5C8B9817 /* CoreAudioKit.framework */ = {isa = PBXFileReference; lastKnownFileType = wrapper.framework; name = CoreAudioKit.framework; path = System/Library/Frameworks/CoreAudioKit.framework; sourceTree = SDKROOT; };
		5E11AB1C0B60EF1E6F5CD52F /* juce_data_structures */ = {isa = PBXFileReference; lastKnownFileType = folder; name = juce_data_structures; path = /Applications/JUCE/modules/juce_data_structures; sourceTree = "<absolute>"; };
		61E165F7F907E9F1B7D71D4E /* JuceHeader.h */ = {isa = PBXFileReference; lastKnownFileType = sourcecode.c.h; name = JuceHeader.h; path = ../../JuceLibraryCode/JuceHeader.h; sourceTree = SOURCE_ROOT; };
		6696D47905BF3E8E88738DF6 /* include_juce_audio_processors.mm */ = {isa = PBXFileReference; lastKnownFileType = sourcecode.cpp.objcpp; name = include_juce_audio_processors.mm; path = ../../JuceLibraryCode/include_juce_audio_processors.mm; sourceTree = SOURCE_ROOT; };
		66DE3FC4E37F91AC6DA6AC53 /* include_juce_data_structures.mm */ = {isa = PBXFileReference; lastKnownFileType = sourcecode.cpp.objcpp; name = include_juce_data_structures.mm; path = ../../JuceLibraryCode/include_juce_data_structures.mm; sourceTree = SOURCE_ROOT; };
		686F98779F57668AE6EB4752 /* PluginEditor.cpp */ = {isa = PBXFileReference; lastKnownFileType = sourcecode.cpp.cpp; name = PluginEditor.cpp; path = ../../Source/PluginEditor.cpp; sourceTree = SOURCE_ROOT; };
		6CAC8B098D215869B81E8C63 /* include_juce_gui_basics.mm */ = {isa = PBXFileReference; lastKnownFileType = sourcecode.cpp.objcpp; name = include_juce_gui_basics.mm; path = ../../JuceLibraryCode/include_juce_gui_basics.mm; sourceTree = SOURCE_ROOT; };
		6DDEC03F39A6FA51F5A8495D /* include_juce_audio_plugin_client_Standalone.cpp */ = {isa = PBXFileReference; lastKnownFileType = sourcecode.cpp.cpp; name = include_juce_audio_plugin_client_Standalone.cpp; path = ../../JuceLibraryCode/include_juce_audio_plugin_client_Standalone.cpp; sourceTree = SOURCE_ROOT; };
		813C3DDEBD69A85E37A47187 /* include_juce_core.mm */ = {isa = PBXFileReference; lastKnownFileType = sourcecode.cpp.objcpp; name = include_juce_core.mm; path = ../../JuceLibraryCode/include_juce_core.mm; sourceTree = SOURCE_ROOT; };
		83FFC9F30EAAA98BE6F2F557 /* juce_core */ = {isa = PBXFileReference; lastKnownFileType = folder; name = juce_core; path = /Applications/JUCE/modules/juce_core; sourceTree = "<absolute>"; };
		842D119E6265BC2235F5A811 /* include_juce_events.mm */ = {isa = PBXFileReference; lastKnownFileType = sourcecode.cpp.objcpp; name = include_juce_events.mm; path = ../../JuceLibraryCode/include_juce_events.mm; sourceTree = SOURCE_ROOT; };
		857546223EED4C8F916A49C9 /* juce_gui_basics */ = {isa = PBXFileReference; lastKnownFileType = folder; name = juce_gui_basics; path = /Applications/JUCE/modules/juce_gui_basics; sourceTree = "<absolute>"; };
		8A0BB644690F1D12E8C461F8 /* QuartzCore.framework */ = {isa = PBXFileReference; lastKnownFileType = wrapper.framework; name = QuartzCore.framework; path = System/Library/Frameworks/QuartzCore.framework; sourceTree = SDKROOT; };
		8CF63CAC4427CEAB7B2A7EAF /* include_juce_audio_utils.mm */ = {isa = PBXFileReference; lastKnownFileType = sourcecode.cpp.objcpp; name = include_juce_audio_utils.mm; path = ../../JuceLibraryCode/include_juce_audio_utils.mm; sourceTree = SOURCE_ROOT; };
		939977EB211A4DB28A641DD5 /* juce_gui_extra */ = {isa = PBXFileReference; lastKnownFileType = folder; name = juce_gui_extra; path = /Applications/JUCE/modules/juce_gui_extra; sourceTree = "<absolute>"; };
		988A298E4477025DF95F87F2 /* include_juce_audio_formats.mm */ = {isa = PBXFileReference; lastKnownFileType = sourcecode.cpp.objcpp; name = include_juce_audio_formats.mm; path = ../../JuceLibraryCode/include_juce_audio_formats.mm; sourceTree = SOURCE_ROOT; };
		9C3A750508B0659D5A7AA566 /* libGuitarAmpBasic.a */ = {isa = PBXFileReference; explicitFileType = archive.ar; includeInIndex = 0; path = libGuitarAmpBasic.a; sourceTree = BUILT_PRODUCTS_DIR; };
		9D66C1C0AE7C0A0B22AEAC6F /* include_juce_audio_plugin_client_AU.r */ = {isa = PBXFileReference; lastKnownFileType = file.r; name = include_juce_audio_plugin_client_AU.r; path = ../../JuceLibraryCode/include_juce_audio_plugin_client_AU.r; sourceTree = SOURCE_ROOT; };
		9E3776B7EACC3B887C33ACFE /* AudioUnit.framework */ = {isa = PBXFileReference; lastKnownFileType = wrapper.framework; name = AudioUnit.framework; path = System/Library/Frameworks/AudioUnit.framework; sourceTree = SDKROOT; };
		AA36A45F4BB95E3BEA25B97F /* include_juce_audio_processors_ara.cpp */ = {isa = PBXFileReference; lastKnownFileType = sourcecode.cpp.cpp; name = include_juce_audio_processors_ara.cpp; path = ../../JuceLibraryCode/include_juce_audio_processors_ara.cpp; sourceTree = SOURCE_ROOT; };
		AC6F26F823AE213EA65A8F4B /* juce_graphics */ = {isa = PBXFileReference; lastKnownFileType = folder; name = juce_graphics; path = /Applications/JUCE/modules/juce_graphics; sourceTree = "<absolute>"; };
		B4B8585586DD7E53D57EC3A0 /* include_juce_audio_processors_lv2_libs.cpp */ = {isa = PBXFileReference; lastKnownFileType = sourcecode.cpp.cpp; name = include_juce_audio_processors_lv2_libs.cpp; path = ../../JuceLibraryCode/include_juce_audio_processors_lv2_libs.cpp; sourceTree = SOURCE_ROOT; };
		B6058E4A11E64BC6B1F57CFC /* juce_audio_plugin_client */ = {isa = PBXFileReference; lastKnownFileType = folder; name = juce_audio_plugin_client; path = /Applications/JUCE/modules/juce_audio_plugin_client; sourceTree = "<absolute>"; };
		B96928B1688F65C4EB647E1F /* juce_audio_formats */ = {isa = PBXFileReference; lastKnownFileType = folder; name = juce_audio_formats; path = /Applications/JUCE/modules/juce_audio_formats; sourceTree = "<absolute>"; };
		BA273AFE397FC6C143A7D207 /* include_juce_dsp.mm */ = {isa = PBXFileReference; lastKnownFileType = sourcecode.cpp.objcpp; name = include_juce_dsp.mm; path = ../../JuceLibraryCode/include_juce_dsp.mm; sourceTree = SOURCE_ROOT; };
		C9FC842B6EE7CBBF4FA6A11E /* PluginEditor.h */ = {isa = PBXFileReference; lastKnownFileType = sourcecode.c.h; name = PluginEditor.h; path = ../../Source/PluginEditor.h; sourceTree = SOURCE_ROOT; };
		CD0B2834D5031A5BD89C2D4C /* GuitarAmpBasic.app */ = {isa = PBXFileReference; explicitFileType = wrapper.application; includeInIndex = 0; path = GuitarAmpBasic.app; sourceTree = BUILT_PRODUCTS_DIR; };
		D24E3E42A5166DC383D999EB /* include_juce_audio_devices.mm */ = {isa = PBXFileReference; lastKnownFileType = sourcecode.cpp.objcpp; name = include_juce_audio_devices.mm; path = ../../JuceLibraryCode/include_juce_audio_devices.mm; sourceTree = SOURCE_ROOT; };
		D3DE60409DA32BADE5D8AF1C /* include_juce_audio_plugin_client_AU_2.mm */ = {isa = PBXFileReference; lastKnownFileType = sourcecode.cpp.objcpp; name = include_juce_audio_plugin_client_AU_2.mm; path = ../../JuceLibraryCode/include_juce_audio_plugin_client_AU_2.mm; sourceTree = SOURCE_ROOT; };
		D5BA3CFB1AF60A0C6A7BE697 /* include_juce_audio_plugin_client_VST_utils.mm */ = {isa = PBXFileReference; lastKnownFileType = sourcecode.cpp.objcpp; name = include_juce_audio_plugin_client_VST_utils.mm; path = ../../JuceLibraryCode/include_juce_audio_plugin_client_VST_utils.mm; sourceTree = SOURCE_ROOT; };
		D66D8651F8FA2A9677E0D382 /* include_juce_graphics.mm */ = {isa = PBXFileReference; lastKnownFileType = sourcecode.cpp.objcpp; name = include_juce_graphics.mm; path = ../../JuceLibraryCode/include_juce_graphics.mm; sourceTree = SOURCE_ROOT; };
		D6D966DBF50BB9554E8BA839 /* include_juce_audio_plugin_client_utils.cpp */ = {isa = PBXFileReference; lastKnownFileType = sourcecode.cpp.cpp; name = include_juce_audio_plugin_client_utils.cpp; path = ../../JuceLibraryCode/include_juce_audio_plugin_client_utils.cpp; sourceTree = SOURCE_ROOT; };
		DE29617CC10800B32684A78C /* include_juce_audio_plugin_client_VST3.cpp */ = {isa = PBXFileReference; lastKnownFileType = sourcecode.cpp.cpp; name = include_juce_audio_plugin_client_VST3.cpp; path = ../../JuceLibraryCode/include_juce_audio_plugin_client_VST3.cpp; sourceTree = SOURCE_ROOT; };
		E166A53669D88B6F928F47B3 /* GuitarAmpBasic.vst3 */ = {isa = PBXFileReference; explicitFileType = wrapper.cfbundle; includeInIndex = 0; path = GuitarAmpBasic.vst3; sourceTree = BUILT_PRODUCTS_DIR; };
		E250050908B7A170978AFD96 /* CoreAudio.framework */ = {isa = PBXFileReference; lastKnownFileType = wrapper.framework; name = CoreAudio.framework; path = System/Library/Frameworks/CoreAudio.framework; sourceTree = SDKROOT; };
		E794A963FE2314FDADD1C6A5 /* PluginProcessor.cpp */ = {isa = PBXFileReference; lastKnownFileType = sourcecode.cpp.cpp; name = PluginProcessor.cpp; path = ../../Source/PluginProcessor.cpp; sourceTree = SOURCE_ROOT; };
		E86FDB5CB4F6614F31F88C95 /* include_juce_audio_basics.mm */ = {isa = PBXFileReference; lastKnownFileType = sourcecode.cpp.objcpp; name = include_juce_audio_basics.mm; path = ../../JuceLibraryCode/include_juce_audio_basics.mm; sourceTree = SOURCE_ROOT; };
		EEC0495E0148EF14C47415F1 /* CoreMIDI.framework */ = {isa = PBXFileReference; lastKnownFileType = wrapper.framework; name = CoreMIDI.framework; path = System/Library/Frameworks/CoreMIDI.framework; sourceTree = SDKROOT; };
		F830B21BE749A796EBF1A7A7 /* PluginProcessor.h */ = {isa = PBXFileReference; lastKnownFileType = sourcecode.c.h; name = PluginProcessor.h; path = ../../Source/PluginProcessor.h; sourceTree = SOURCE_ROOT; };
		FEBF97C9CEF433DEED0B412D /* Info-VST3.plist */ = {isa = PBXFileReference; lastKnownFileType = text.plist.xml; path = "Info-VST3.plist"; sourceTree = SOURCE_ROOT; };
/* End PBXFileReference section */

/* Begin PBXFrameworksBuildPhase section */
		027CA8CE82BE02A94C712F4C /* Frameworks */ = {
			isa = PBXFrameworksBuildPhase;
			buildActionMask = 2147483647;
			files = (
				FCA2126817D1C808BF562B67 /* AudioUnit.framework in Frameworks */,
				34F558812A1D491E00532913 /* Accelerate.framework in Frameworks */,
				34F558822A1D491E00532913 /* AudioToolbox.framework in Frameworks */,
				34F558832A1D491E00532913 /* Cocoa.framework in Frameworks */,
				34F558842A1D491E00532913 /* CoreAudio.framework in Frameworks */,
				34F558852A1D491E00532913 /* CoreAudioKit.framework in Frameworks */,
				34F558862A1D491E00532913 /* CoreMIDI.framework in Frameworks */,
				34F558872A1D491E00532913 /* DiscRecording.framework in Frameworks */,
				34F558882A1D491E00532913 /* Foundation.framework in Frameworks */,
				34F558892A1D491E00532913 /* IOKit.framework in Frameworks */,
				34F5588A2A1D491E00532913 /* QuartzCore.framework in Frameworks */,
				34F5588B2A1D491E00532913 /* WebKit.framework in Frameworks */,
			);
			runOnlyForDeploymentPostprocessing = 0;
		};
		552D7F83773B420E19C68AF4 /* Frameworks */ = {
			isa = PBXFrameworksBuildPhase;
			buildActionMask = 2147483647;
			files = (
				985AE546260C8EFBA7BC03A3 /* Accelerate.framework in Frameworks */,
				EDC3F60981C0D055E9EA3ABF /* AudioToolbox.framework in Frameworks */,
				678C6C5238CAEE5A4BAACB13 /* Cocoa.framework in Frameworks */,
				815A9D3074DC07B6F6F465EF /* CoreAudio.framework in Frameworks */,
				83BD9F1BAD5D5E19156F65F7 /* CoreAudioKit.framework in Frameworks */,
				A68EB9D50361359B86E78DAE /* CoreMIDI.framework in Frameworks */,
				32EB6F380066317D843EF505 /* DiscRecording.framework in Frameworks */,
				A437B1824072667D7D56C6E9 /* Foundation.framework in Frameworks */,
				8B1A3304FA0C40090426023B /* IOKit.framework in Frameworks */,
				06F6CD6FA517DFD3D9E7DBC0 /* QuartzCore.framework in Frameworks */,
				CC914288CBE0DF5339ECAA9B /* WebKit.framework in Frameworks */,
			);
			runOnlyForDeploymentPostprocessing = 0;
		};
		91FA8F368BD46174241D31B0 /* Frameworks */ = {
			isa = PBXFrameworksBuildPhase;
			buildActionMask = 2147483647;
			files = (
				34F5588D2A1D491E00532913 /* Accelerate.framework in Frameworks */,
				34F5588E2A1D491E00532913 /* AudioToolbox.framework in Frameworks */,
				34F5588F2A1D491E00532913 /* Cocoa.framework in Frameworks */,
				34F558902A1D491E00532913 /* CoreAudio.framework in Frameworks */,
				34F558912A1D491E00532913 /* CoreAudioKit.framework in Frameworks */,
				34F558922A1D491E00532913 /* CoreMIDI.framework in Frameworks */,
				34F558932A1D491E00532913 /* DiscRecording.framework in Frameworks */,
				34F558942A1D491E00532913 /* Foundation.framework in Frameworks */,
				34F558952A1D491E00532913 /* IOKit.framework in Frameworks */,
				34F558962A1D491E00532913 /* QuartzCore.framework in Frameworks */,
				34F558972A1D491E00532913 /* WebKit.framework in Frameworks */,
			);
			runOnlyForDeploymentPostprocessing = 0;
		};
/* End PBXFrameworksBuildPhase section */

/* Begin PBXGroup section */
		25DF35E3A352DEEF60D3E124 /* JUCE Modules */ = {
			isa = PBXGroup;
			children = (
				238BBACE1FEBCDC9AF631D19 /* juce_audio_basics */,
				43ACF6D5D4E84030D072601D /* juce_audio_devices */,
				B96928B1688F65C4EB647E1F /* juce_audio_formats */,
				B6058E4A11E64BC6B1F57CFC /* juce_audio_plugin_client */,
				54B61EF5A00453E2146CDBA9 /* juce_audio_processors */,
				2BDE219FCCCA9C9AB8E0E1CD /* juce_audio_utils */,
				83FFC9F30EAAA98BE6F2F557 /* juce_core */,
				5E11AB1C0B60EF1E6F5CD52F /* juce_data_structures */,
				3DFDEE6A3DB65193EFBE4F4C /* juce_dsp */,
				428D43B1CB8EF7E304BB7257 /* juce_events */,
				AC6F26F823AE213EA65A8F4B /* juce_graphics */,
				857546223EED4C8F916A49C9 /* juce_gui_basics */,
				939977EB211A4DB28A641DD5 /* juce_gui_extra */,
			);
			name = "JUCE Modules";
			sourceTree = "<group>";
		};
		3A0075F95A7EB67684884E98 /* Frameworks */ = {
			isa = PBXGroup;
			children = (
				9E3776B7EACC3B887C33ACFE /* AudioUnit.framework */,
				2BD192FD5E40E2CBE727EE52 /* Accelerate.framework */,
				4BA0C9B4E3DBE45DB8F046C2 /* AudioToolbox.framework */,
				3A40134FDE00E6930A7F0A03 /* Cocoa.framework */,
				E250050908B7A170978AFD96 /* CoreAudio.framework */,
				5CCE106C0370E72C5C8B9817 /* CoreAudioKit.framework */,
				EEC0495E0148EF14C47415F1 /* CoreMIDI.framework */,
				40C64CBE699353BEA0016CD0 /* DiscRecording.framework */,
				4E36EEBB553A361FEF973FFA /* Foundation.framework */,
				317F2DCD0E23FE22E926A888 /* IOKit.framework */,
				8A0BB644690F1D12E8C461F8 /* QuartzCore.framework */,
				1358287347664E707F3F9910 /* WebKit.framework */,
			);
			name = Frameworks;
			sourceTree = "<group>";
		};
		65E2B0779057CC33EFFF7B10 /* GuitarAmpBasic */ = {
			isa = PBXGroup;
			children = (
				FD26BF014FDF80C1FD2334D9 /* Source */,
			);
			name = GuitarAmpBasic;
			sourceTree = "<group>";
		};
		BC770D309C88423FBDD43429 /* Source */ = {
			isa = PBXGroup;
			children = (
				65E2B0779057CC33EFFF7B10 /* GuitarAmpBasic */,
				25DF35E3A352DEEF60D3E124 /* JUCE Modules */,
				E531AAA75C7BBCE6FAD835FA /* JUCE Library Code */,
				FC0DE5937B76C86419CA144E /* Resources */,
				3A0075F95A7EB67684884E98 /* Frameworks */,
				F1985CFD85BB2A2A625CDF7C /* Products */,
			);
			name = Source;
			sourceTree = "<group>";
		};
		E531AAA75C7BBCE6FAD835FA /* JUCE Library Code */ = {
			isa = PBXGroup;
			children = (
				E86FDB5CB4F6614F31F88C95 /* include_juce_audio_basics.mm */,
				D24E3E42A5166DC383D999EB /* include_juce_audio_devices.mm */,
				988A298E4477025DF95F87F2 /* include_juce_audio_formats.mm */,
				0C540C9D1481B2800E7922B4 /* include_juce_audio_plugin_client_ARA.cpp */,
				9D66C1C0AE7C0A0B22AEAC6F /* include_juce_audio_plugin_client_AU.r */,
				322089AAB83228C01DD0BE3B /* include_juce_audio_plugin_client_AU_1.mm */,
				D3DE60409DA32BADE5D8AF1C /* include_juce_audio_plugin_client_AU_2.mm */,
				6DDEC03F39A6FA51F5A8495D /* include_juce_audio_plugin_client_Standalone.cpp */,
				D6D966DBF50BB9554E8BA839 /* include_juce_audio_plugin_client_utils.cpp */,
				D5BA3CFB1AF60A0C6A7BE697 /* include_juce_audio_plugin_client_VST_utils.mm */,
				DE29617CC10800B32684A78C /* include_juce_audio_plugin_client_VST3.cpp */,
				6696D47905BF3E8E88738DF6 /* include_juce_audio_processors.mm */,
				AA36A45F4BB95E3BEA25B97F /* include_juce_audio_processors_ara.cpp */,
				B4B8585586DD7E53D57EC3A0 /* include_juce_audio_processors_lv2_libs.cpp */,
				8CF63CAC4427CEAB7B2A7EAF /* include_juce_audio_utils.mm */,
				813C3DDEBD69A85E37A47187 /* include_juce_core.mm */,
				66DE3FC4E37F91AC6DA6AC53 /* include_juce_data_structures.mm */,
				BA273AFE397FC6C143A7D207 /* include_juce_dsp.mm */,
				842D119E6265BC2235F5A811 /* include_juce_events.mm */,
				D66D8651F8FA2A9677E0D382 /* include_juce_graphics.mm */,
				6CAC8B098D215869B81E8C63 /* include_juce_gui_basics.mm */,
				227462AD20559BA9D8F99E82 /* include_juce_gui_extra.mm */,
				61E165F7F907E9F1B7D71D4E /* JuceHeader.h */,
				3905D432D952603FF92C89DF /* JucePluginDefines.h */,
			);
			name = "JUCE Library Code";
			sourceTree = "<group>";
		};
		F1985CFD85BB2A2A625CDF7C /* Products */ = {
			isa = PBXGroup;
			children = (
				E166A53669D88B6F928F47B3 /* GuitarAmpBasic.vst3 */,
				346C432F367207F5CDBBD657 /* GuitarAmpBasic.component */,
				CD0B2834D5031A5BD89C2D4C /* GuitarAmpBasic.app */,
				9C3A750508B0659D5A7AA566 /* libGuitarAmpBasic.a */,
			);
			name = Products;
			sourceTree = "<group>";
		};
		FC0DE5937B76C86419CA144E /* Resources */ = {
			isa = PBXGroup;
			children = (
				FEBF97C9CEF433DEED0B412D /* Info-VST3.plist */,
				0944F9A1DD2446E15D27D876 /* Info-AU.plist */,
				3A5B77CB75F1E9A13BE6B674 /* Info-Standalone_Plugin.plist */,
				32D009006261577A0E973A94 /* RecentFilesMenuTemplate.nib */,
			);
			name = Resources;
			sourceTree = "<group>";
		};
		FD26BF014FDF80C1FD2334D9 /* Source */ = {
			isa = PBXGroup;
			children = (
				E794A963FE2314FDADD1C6A5 /* PluginProcessor.cpp */,
				F830B21BE749A796EBF1A7A7 /* PluginProcessor.h */,
				686F98779F57668AE6EB4752 /* PluginEditor.cpp */,
				C9FC842B6EE7CBBF4FA6A11E /* PluginEditor.h */,
			);
			name = Source;
			sourceTree = "<group>";
		};
/* End PBXGroup section */

/* Begin PBXNativeTarget section */
		23110E8F6045C869FD14C848 /* GuitarAmpBasic - Standalone Plugin */ = {
			isa = PBXNativeTarget;
			buildConfigurationList = 3AB1F923803CB57A7E760001 /* Build configuration list for PBXNativeTarget "GuitarAmpBasic - Standalone Plugin" */;
			buildPhases = (
				D1230C7799163EA6F7A20685 /* Resources */,
				F5B6D745CDEB226B40516DAB /* Sources */,
				91FA8F368BD46174241D31B0 /* Frameworks */,
			);
			buildRules = (
			);
			dependencies = (
				F7D5D51E24758C74D455CF2C /* PBXTargetDependency */,
			);
			name = "GuitarAmpBasic - Standalone Plugin";
			productName = GuitarAmpBasic;
			productReference = CD0B2834D5031A5BD89C2D4C /* GuitarAmpBasic.app */;
			productType = "com.apple.product-type.application";
		};
		2672ADCB6F1EB34E693DCD73 /* GuitarAmpBasic - Shared Code */ = {
			isa = PBXNativeTarget;
			buildConfigurationList = C80814B84837ACA53611212F /* Build configuration list for PBXNativeTarget "GuitarAmpBasic - Shared Code" */;
			buildPhases = (
				E8C7C74922996A03EF56E89E /* Sources */,
			);
			buildRules = (
			);
			dependencies = (
			);
			name = "GuitarAmpBasic - Shared Code";
			productName = GuitarAmpBasic;
			productReference = 9C3A750508B0659D5A7AA566 /* libGuitarAmpBasic.a */;
			productType = "com.apple.product-type.library.static";
		};
		601F74DC8CAD5CCF6CE31A00 /* GuitarAmpBasic - VST3 */ = {
			isa = PBXNativeTarget;
			buildConfigurationList = 09E19E63AEA3937A7E0EB993 /* Build configuration list for PBXNativeTarget "GuitarAmpBasic - VST3" */;
			buildPhases = (
				5BA15CF9505EABB758CB97A1 /* Resources */,
				0E11D6B60E482BB0AC313202 /* Sources */,
				552D7F83773B420E19C68AF4 /* Frameworks */,
			);
			buildRules = (
			);
			dependencies = (
				1EE1115FCA286674CE1A0E28 /* PBXTargetDependency */,
			);
			name = "GuitarAmpBasic - VST3";
			productName = GuitarAmpBasic;
			productReference = E166A53669D88B6F928F47B3 /* GuitarAmpBasic.vst3 */;
			productType = "com.apple.product-type.bundle";
		};
		7549347A55E3C7426EF537A7 /* GuitarAmpBasic - AU */ = {
			isa = PBXNativeTarget;
			buildConfigurationList = FDED09B007C863B85F4EDE4A /* Build configuration list for PBXNativeTarget "GuitarAmpBasic - AU" */;
			buildPhases = (
				42C573CF43F4CC5F8092BBEF /* Resources */,
				C210DF506CF072DC1A515994 /* Rez */,
				E5E3F3BB6DE36319016E7722 /* Sources */,
				027CA8CE82BE02A94C712F4C /* Frameworks */,
			);
			buildRules = (
			);
			dependencies = (
				2AA58339FAF626EB963C128C /* PBXTargetDependency */,
			);
			name = "GuitarAmpBasic - AU";
			productName = GuitarAmpBasic;
			productReference = 346C432F367207F5CDBBD657 /* GuitarAmpBasic.component */;
			productType = "com.apple.product-type.bundle";
		};
/* End PBXNativeTarget section */

/* Begin PBXProject section */
		C1CBA610FCB26361D8F3844E /* Project object */ = {
			isa = PBXProject;
			attributes = {
				LastUpgradeCheck = 1340;
				ORGANIZATIONNAME = "Black Martini";
				TargetAttributes = {
					23110E8F6045C869FD14C848 = {
						SystemCapabilities = {
							com.apple.ApplicationGroups.iOS = {
								enabled = 0;
							};
							com.apple.HardenedRuntime = {
								enabled = 0;
							};
							com.apple.InAppPurchase = {
								enabled = 0;
							};
							com.apple.InterAppAudio = {
								enabled = 0;
							};
							com.apple.Push = {
								enabled = 0;
							};
							com.apple.Sandbox = {
								enabled = 0;
							};
						};
					};
					2672ADCB6F1EB34E693DCD73 = {
						SystemCapabilities = {
							com.apple.ApplicationGroups.iOS = {
								enabled = 0;
							};
							com.apple.HardenedRuntime = {
								enabled = 0;
							};
							com.apple.InAppPurchase = {
								enabled = 0;
							};
							com.apple.InterAppAudio = {
								enabled = 0;
							};
							com.apple.Push = {
								enabled = 0;
							};
							com.apple.Sandbox = {
								enabled = 0;
							};
						};
					};
					601F74DC8CAD5CCF6CE31A00 = {
						SystemCapabilities = {
							com.apple.ApplicationGroups.iOS = {
								enabled = 0;
							};
							com.apple.HardenedRuntime = {
								enabled = 0;
							};
							com.apple.InAppPurchase = {
								enabled = 0;
							};
							com.apple.InterAppAudio = {
								enabled = 0;
							};
							com.apple.Push = {
								enabled = 0;
							};
							com.apple.Sandbox = {
								enabled = 0;
							};
						};
					};
					7549347A55E3C7426EF537A7 = {
						SystemCapabilities = {
							com.apple.ApplicationGroups.iOS = {
								enabled = 0;
							};
							com.apple.HardenedRuntime = {
								enabled = 0;
							};
							com.apple.InAppPurchase = {
								enabled = 0;
							};
							com.apple.InterAppAudio = {
								enabled = 0;
							};
							com.apple.Push = {
								enabled = 0;
							};
							com.apple.Sandbox = {
								enabled = 0;
							};
						};
					};
					85F26B130C609BEAC5912DE5 = {
						SystemCapabilities = {
							com.apple.ApplicationGroups.iOS = {
								enabled = 0;
							};
							com.apple.HardenedRuntime = {
								enabled = 0;
							};
							com.apple.InAppPurchase = {
								enabled = 0;
							};
							com.apple.InterAppAudio = {
								enabled = 0;
							};
							com.apple.Push = {
								enabled = 0;
							};
							com.apple.Sandbox = {
								enabled = 0;
							};
						};
					};
				};
			};
			buildConfigurationList = D00EAA42C8DC835E5C8C1FAF /* Build configuration list for PBXProject "GuitarAmpBasic" */;
			compatibilityVersion = "Xcode 3.2";
			developmentRegion = en;
			hasScannedForEncodings = 0;
			knownRegions = (
				en,
				Base,
			);
			mainGroup = BC770D309C88423FBDD43429 /* Source */;
			projectDirPath = "";
			projectRoot = "";
			targets = (
				85F26B130C609BEAC5912DE5 /* GuitarAmpBasic - All */,
				601F74DC8CAD5CCF6CE31A00 /* GuitarAmpBasic - VST3 */,
				7549347A55E3C7426EF537A7 /* GuitarAmpBasic - AU */,
				23110E8F6045C869FD14C848 /* GuitarAmpBasic - Standalone Plugin */,
				2672ADCB6F1EB34E693DCD73 /* GuitarAmpBasic - Shared Code */,
			);
		};
/* End PBXProject section */

/* Begin PBXResourcesBuildPhase section */
		42C573CF43F4CC5F8092BBEF /* Resources */ = {
			isa = PBXResourcesBuildPhase;
			buildActionMask = 2147483647;
			files = (
				34F558802A1D491E00532913 /* RecentFilesMenuTemplate.nib in Resources */,
			);
			runOnlyForDeploymentPostprocessing = 0;
		};
		5BA15CF9505EABB758CB97A1 /* Resources */ = {
			isa = PBXResourcesBuildPhase;
			buildActionMask = 2147483647;
			files = (
				AB6AE870B4101FF56339A1EF /* RecentFilesMenuTemplate.nib in Resources */,
			);
			runOnlyForDeploymentPostprocessing = 0;
		};
		D1230C7799163EA6F7A20685 /* Resources */ = {
			isa = PBXResourcesBuildPhase;
			buildActionMask = 2147483647;
			files = (
				34F5588C2A1D491E00532913 /* RecentFilesMenuTemplate.nib in Resources */,
			);
			runOnlyForDeploymentPostprocessing = 0;
		};
/* End PBXResourcesBuildPhase section */

/* Begin PBXRezBuildPhase section */
		C210DF506CF072DC1A515994 /* Rez */ = {
			isa = PBXRezBuildPhase;
			buildActionMask = 2147483647;
			files = (
				A6F791058107BC48F562F4EC /* include_juce_audio_plugin_client_AU.r in Rez */,
			);
			runOnlyForDeploymentPostprocessing = 0;
		};
/* End PBXRezBuildPhase section */

/* Begin PBXSourcesBuildPhase section */
		0E11D6B60E482BB0AC313202 /* Sources */ = {
			isa = PBXSourcesBuildPhase;
			buildActionMask = 2147483647;
			files = (
				7BCDB72DBB4B7DC5CDC8999A /* include_juce_audio_plugin_client_VST3.cpp in Sources */,
			);
			runOnlyForDeploymentPostprocessing = 0;
		};
		E5E3F3BB6DE36319016E7722 /* Sources */ = {
			isa = PBXSourcesBuildPhase;
			buildActionMask = 2147483647;
			files = (
				4A14C5D8F4C357FBCAF67EB1 /* include_juce_audio_plugin_client_AU_1.mm in Sources */,
				CFAC52893D3C15EF70189475 /* include_juce_audio_plugin_client_AU_2.mm in Sources */,
			);
			runOnlyForDeploymentPostprocessing = 0;
		};
		E8C7C74922996A03EF56E89E /* Sources */ = {
			isa = PBXSourcesBuildPhase;
			buildActionMask = 2147483647;
			files = (
				9D5DEA838CA07B7937C211E1 /* PluginProcessor.cpp in Sources */,
				B3D82FC4682288A599003E39 /* PluginEditor.cpp in Sources */,
				59D47A1D1B58957CB8149524 /* include_juce_audio_basics.mm in Sources */,
				A412860A69801E17A9ED3F52 /* include_juce_audio_devices.mm in Sources */,
				FEE642C9FC36F4CBB462BCB4 /* include_juce_audio_formats.mm in Sources */,
				E8CA38827A23193B6E1DD40E /* include_juce_audio_plugin_client_ARA.cpp in Sources */,
				7558E8809CEE0C57AAA6EB8A /* include_juce_audio_plugin_client_utils.cpp in Sources */,
				63A25775924BB414D906D107 /* include_juce_audio_plugin_client_VST_utils.mm in Sources */,
				3426613F898198B907CE012D /* include_juce_audio_processors.mm in Sources */,
				8F150ECA116AA9E652A2AD16 /* include_juce_audio_processors_ara.cpp in Sources */,
				D94D22E711E05D510D10A86C /* include_juce_audio_processors_lv2_libs.cpp in Sources */,
				01D7886C401BC97B51E4931E /* include_juce_audio_utils.mm in Sources */,
				3A6871F6AE9F7832CD37271F /* include_juce_core.mm in Sources */,
				A9DFC95FB97D791654F0574E /* include_juce_data_structures.mm in Sources */,
				2F4ED0DB8BA9C2D3B5D18DCE /* include_juce_dsp.mm in Sources */,
				A31AF2302F3669541A2498F2 /* include_juce_events.mm in Sources */,
				80654B3988FCA7EB0CA54E74 /* include_juce_graphics.mm in Sources */,
				96661F68EC782A169ACCA80C /* include_juce_gui_basics.mm in Sources */,
				5DDD9FA61F1AD00E3882D8E8 /* include_juce_gui_extra.mm in Sources */,
			);
			runOnlyForDeploymentPostprocessing = 0;
		};
		F5B6D745CDEB226B40516DAB /* Sources */ = {
			isa = PBXSourcesBuildPhase;
			buildActionMask = 2147483647;
			files = (
				A95BDD4D57EE15A6621186FE /* include_juce_audio_plugin_client_Standalone.cpp in Sources */,
			);
			runOnlyForDeploymentPostprocessing = 0;
		};
/* End PBXSourcesBuildPhase section */

/* Begin PBXTargetDependency section */
		1EE1115FCA286674CE1A0E28 /* PBXTargetDependency */ = {
			isa = PBXTargetDependency;
			target = 2672ADCB6F1EB34E693DCD73 /* GuitarAmpBasic - Shared Code */;
			targetProxy = 34F558982A1D491E00532913 /* PBXContainerItemProxy */;
		};
		2AA58339FAF626EB963C128C /* PBXTargetDependency */ = {
			isa = PBXTargetDependency;
			target = 2672ADCB6F1EB34E693DCD73 /* GuitarAmpBasic - Shared Code */;
			targetProxy = 34F5589A2A1D491E00532913 /* PBXContainerItemProxy */;
		};
		4C21D9B653643F5B307FF6D6 /* PBXTargetDependency */ = {
			isa = PBXTargetDependency;
			target = 601F74DC8CAD5CCF6CE31A00 /* GuitarAmpBasic - VST3 */;
			targetProxy = 34F5589B2A1D491E00532913 /* PBXContainerItemProxy */;
		};
		5A77E0C85CD9A3F20787FA8C /* PBXTargetDependency */ = {
			isa = PBXTargetDependency;
			target = 2672ADCB6F1EB34E693DCD73 /* GuitarAmpBasic - Shared Code */;
			targetProxy = 34F5589E2A1D491E00532913 /* PBXContainerItemProxy */;
		};
		C039555CF84A3070A57AA671 /* PBXTargetDependency */ = {
			isa = PBXTargetDependency;
			target = 23110E8F6045C869FD14C848 /* GuitarAmpBasic - Standalone Plugin */;
			targetProxy = 34F5589D2A1D491E00532913 /* PBXContainerItemProxy */;
		};
		DA3D4222F65581E6CD1D1B38 /* PBXTargetDependency */ = {
			isa = PBXTargetDependency;
			target = 7549347A55E3C7426EF537A7 /* GuitarAmpBasic - AU */;
			targetProxy = 34F5589C2A1D491E00532913 /* PBXContainerItemProxy */;
		};
		F7D5D51E24758C74D455CF2C /* PBXTargetDependency */ = {
			isa = PBXTargetDependency;
			target = 2672ADCB6F1EB34E693DCD73 /* GuitarAmpBasic - Shared Code */;
			targetProxy = 34F558992A1D491E00532913 /* PBXContainerItemProxy */;
		};
/* End PBXTargetDependency section */

/* Begin XCBuildConfiguration section */
		0C6D3C5D4F11EAD2CC15E384 /* Debug */ = {
			isa = XCBuildConfiguration;
			buildSettings = {
				CLANG_CXX_LANGUAGE_STANDARD = "c++14";
				CLANG_CXX_LIBRARY = "libc++";
				CLANG_LINK_OBJC_RUNTIME = NO;
				CODE_SIGN_IDENTITY = "";
				COMBINE_HIDPI_IMAGES = YES;
				CONFIGURATION_BUILD_DIR = "$(PROJECT_DIR)/build/$(CONFIGURATION)";
				COPY_PHASE_STRIP = NO;
				EXCLUDED_ARCHS = "";
				GCC_DYNAMIC_NO_PIC = NO;
				GCC_OPTIMIZATION_LEVEL = 0;
				GCC_PREPROCESSOR_DEFINITIONS = (
					"_DEBUG=1",
					"DEBUG=1",
					"JUCE_DISPLAY_SPLASH_SCREEN=1",
					"JUCE_USE_DARK_SPLASH_SCREEN=1",
					"JUCE_PROJUCER_VERSION=0x70002",
					"JUCE_MODULE_AVAILABLE_juce_audio_basics=1",
					"JUCE_MODULE_AVAILABLE_juce_audio_devices=1",
					"JUCE_MODULE_AVAILABLE_juce_audio_formats=1",
					"JUCE_MODULE_AVAILABLE_juce_audio_plugin_client=1",
					"JUCE_MODULE_AVAILABLE_juce_audio_processors=1",
					"JUCE_MODULE_AVAILABLE_juce_audio_utils=1",
					"JUCE_MODULE_AVAILABLE_juce_core=1",
					"JUCE_MODULE_AVAILABLE_juce_data_structures=1",
					"JUCE_MODULE_AVAILABLE_juce_dsp=1",
					"JUCE_MODULE_AVAILABLE_juce_events=1",
					"JUCE_MODULE_AVAILABLE_juce_graphics=1",
					"JUCE_MODULE_AVAILABLE_juce_gui_basics=1",
					"JUCE_MODULE_AVAILABLE_juce_gui_extra=1",
					"JUCE_GLOBAL_MODULE_SETTINGS_INCLUDED=1",
					"JUCE_VST3_CAN_REPLACE_VST2=0",
					"JUCE_STRICT_REFCOUNTEDPOINTER=1",
					"JucePlugin_Build_VST=0",
					"JucePlugin_Build_VST3=1",
					"JucePlugin_Build_AU=1",
					"JucePlugin_Build_AUv3=0",
					"JucePlugin_Build_AAX=0",
					"JucePlugin_Build_Standalone=1",
					"JucePlugin_Build_Unity=0",
					"JucePlugin_Build_LV2=0",
					"JucePlugin_Enable_IAA=0",
					"JucePlugin_Enable_ARA=0",
					"JucePlugin_Name=\\\"GuitarAmpBasic\\\"",
					"JucePlugin_Desc=\\\"GuitarAmpBasic\\\"",
					"JucePlugin_Manufacturer=\\\"Black\\ Martini\\\"",
					"JucePlugin_ManufacturerWebsite=\\\"www.BlackMartini.com\\\"",
					"JucePlugin_ManufacturerEmail=\\\"\\\"",
					"JucePlugin_ManufacturerCode=0x4d616e75",
					"JucePlugin_PluginCode=0x5171326c",
					"JucePlugin_IsSynth=0",
					"JucePlugin_WantsMidiInput=0",
					"JucePlugin_ProducesMidiOutput=0",
					"JucePlugin_IsMidiEffect=0",
					"JucePlugin_EditorRequiresKeyboardFocus=0",
					"JucePlugin_Version=1.0.0",
					"JucePlugin_VersionCode=0x10000",
					"JucePlugin_VersionString=\\\"1.0.0\\\"",
					"JucePlugin_VSTUniqueID=JucePlugin_PluginCode",
					"JucePlugin_VSTCategory=kPlugCategEffect",
					"JucePlugin_Vst3Category=\\\"Fx\\\"",
					"JucePlugin_AUMainType=\\'aufx\\'",
					"JucePlugin_AUSubType=JucePlugin_PluginCode",
					"JucePlugin_AUExportPrefix=GuitarAmpBasicAU",
					"JucePlugin_AUExportPrefixQuoted=\\\"GuitarAmpBasicAU\\\"",
					"JucePlugin_AUManufacturerCode=JucePlugin_ManufacturerCode",
					"JucePlugin_CFBundleIdentifier=com.BlackMartini.GuitarAmpBasic",
					"JucePlugin_AAXIdentifier=com.BlackMartini.GuitarAmpBasic",
					"JucePlugin_AAXManufacturerCode=JucePlugin_ManufacturerCode",
					"JucePlugin_AAXProductId=JucePlugin_PluginCode",
					"JucePlugin_AAXCategory=0",
					"JucePlugin_AAXDisableBypass=0",
					"JucePlugin_AAXDisableMultiMono=0",
					"JucePlugin_IAAType=0x61757278",
					"JucePlugin_IAASubType=JucePlugin_PluginCode",
					"JucePlugin_IAAName=\\\"Black\\ Martini:\\ GuitarAmpBasic\\\"",
					"JucePlugin_VSTNumMidiInputs=16",
					"JucePlugin_VSTNumMidiOutputs=16",
					"JucePlugin_ARAContentTypes=0",
					"JucePlugin_ARATransformationFlags=0",
					"JucePlugin_ARAFactoryID=\\\"com.BlackMartini.GuitarAmpBasic.factory\\\"",
					"JucePlugin_ARADocumentArchiveID=\\\"com.BlackMartini.GuitarAmpBasic.aradocumentarchive.1.0.0\\\"",
					"JucePlugin_ARACompatibleArchiveIDs=\\\"\\\"",
					"JUCE_STANDALONE_APPLICATION=JucePlugin_Build_Standalone",
					"JUCER_XCODE_MAC_F6D2F4CF=1",
					"JUCE_APP_VERSION=1.0.0",
					"JUCE_APP_VERSION_HEX=0x10000",
					"JUCE_SHARED_CODE=1",
				);
				GCC_VERSION = com.apple.compilers.llvm.clang.1_0;
				HEADER_SEARCH_PATHS = (
					/Applications/JUCE/modules/juce_audio_processors/format_types/VST3_SDK,
					"$(SRCROOT)/../../JuceLibraryCode",
					/Applications/JUCE/modules,
					/Applications/JUCE/modules/juce_audio_plugin_client,
					"$(inherited)",
				);
				INSTALL_PATH = "@executable_path/../Frameworks";
				MACOSX_DEPLOYMENT_TARGET = 10.11;
				MTL_HEADER_SEARCH_PATHS = "/Applications/JUCE/modules/juce_audio_processors/format_types/VST3_SDK $(SRCROOT)/../../JuceLibraryCode /Applications/JUCE/modules /Applications/JUCE/modules/juce_audio_plugin_client";
				OTHER_LDFLAGS = (
					"-weak_framework",
					Metal,
					"-weak_framework",
					MetalKit,
				);
				PRODUCT_BUNDLE_IDENTIFIER = com.BlackMartini.GuitarAmpBasic;
				PRODUCT_NAME = GuitarAmpBasic;
				SKIP_INSTALL = YES;
				USE_HEADERMAP = NO;
				VALID_ARCHS = "i386 x86_64 arm64 arm64e";
			};
			name = Debug;
		};
		2669892B93A410BAB4CB1BDC /* Debug */ = {
			isa = XCBuildConfiguration;
			buildSettings = {
				CLANG_CXX_LANGUAGE_STANDARD = "c++14";
				CLANG_CXX_LIBRARY = "libc++";
				CLANG_LINK_OBJC_RUNTIME = NO;
				CODE_SIGN_IDENTITY = "";
				COMBINE_HIDPI_IMAGES = YES;
				CONFIGURATION_BUILD_DIR = "$(PROJECT_DIR)/build/$(CONFIGURATION)";
				COPY_PHASE_STRIP = NO;
				DEPLOYMENT_LOCATION = YES;
				DSTROOT = /;
				EXCLUDED_ARCHS = "";
				GCC_DYNAMIC_NO_PIC = NO;
				GCC_OPTIMIZATION_LEVEL = 0;
				GCC_PREPROCESSOR_DEFINITIONS = (
					"_DEBUG=1",
					"DEBUG=1",
					"JUCE_DISPLAY_SPLASH_SCREEN=1",
					"JUCE_USE_DARK_SPLASH_SCREEN=1",
					"JUCE_PROJUCER_VERSION=0x70002",
					"JUCE_MODULE_AVAILABLE_juce_audio_basics=1",
					"JUCE_MODULE_AVAILABLE_juce_audio_devices=1",
					"JUCE_MODULE_AVAILABLE_juce_audio_formats=1",
					"JUCE_MODULE_AVAILABLE_juce_audio_plugin_client=1",
					"JUCE_MODULE_AVAILABLE_juce_audio_processors=1",
					"JUCE_MODULE_AVAILABLE_juce_audio_utils=1",
					"JUCE_MODULE_AVAILABLE_juce_core=1",
					"JUCE_MODULE_AVAILABLE_juce_data_structures=1",
					"JUCE_MODULE_AVAILABLE_juce_dsp=1",
					"JUCE_MODULE_AVAILABLE_juce_events=1",
					"JUCE_MODULE_AVAILABLE_juce_graphics=1",
					"JUCE_MODULE_AVAILABLE_juce_gui_basics=1",
					"JUCE_MODULE_AVAILABLE_juce_gui_extra=1",
					"JUCE_GLOBAL_MODULE_SETTINGS_INCLUDED=1",
					"JUCE_VST3_CAN_REPLACE_VST2=0",
					"JUCE_STRICT_REFCOUNTEDPOINTER=1",
					"JucePlugin_Build_VST=0",
					"JucePlugin_Build_VST3=0",
					"JucePlugin_Build_AU=1",
					"JucePlugin_Build_AUv3=0",
					"JucePlugin_Build_AAX=0",
					"JucePlugin_Build_Standalone=0",
					"JucePlugin_Build_Unity=0",
					"JucePlugin_Build_LV2=0",
					"JucePlugin_Enable_IAA=0",
					"JucePlugin_Enable_ARA=0",
					"JucePlugin_Name=\\\"GuitarAmpBasic\\\"",
					"JucePlugin_Desc=\\\"GuitarAmpBasic\\\"",
					"JucePlugin_Manufacturer=\\\"Black\\ Martini\\\"",
					"JucePlugin_ManufacturerWebsite=\\\"www.BlackMartini.com\\\"",
					"JucePlugin_ManufacturerEmail=\\\"\\\"",
					"JucePlugin_ManufacturerCode=0x4d616e75",
					"JucePlugin_PluginCode=0x5171326c",
					"JucePlugin_IsSynth=0",
					"JucePlugin_WantsMidiInput=0",
					"JucePlugin_ProducesMidiOutput=0",
					"JucePlugin_IsMidiEffect=0",
					"JucePlugin_EditorRequiresKeyboardFocus=0",
					"JucePlugin_Version=1.0.0",
					"JucePlugin_VersionCode=0x10000",
					"JucePlugin_VersionString=\\\"1.0.0\\\"",
					"JucePlugin_VSTUniqueID=JucePlugin_PluginCode",
					"JucePlugin_VSTCategory=kPlugCategEffect",
					"JucePlugin_Vst3Category=\\\"Fx\\\"",
					"JucePlugin_AUMainType=\\'aufx\\'",
					"JucePlugin_AUSubType=JucePlugin_PluginCode",
					"JucePlugin_AUExportPrefix=GuitarAmpBasicAU",
					"JucePlugin_AUExportPrefixQuoted=\\\"GuitarAmpBasicAU\\\"",
					"JucePlugin_AUManufacturerCode=JucePlugin_ManufacturerCode",
					"JucePlugin_CFBundleIdentifier=com.BlackMartini.GuitarAmpBasic",
					"JucePlugin_AAXIdentifier=com.BlackMartini.GuitarAmpBasic",
					"JucePlugin_AAXManufacturerCode=JucePlugin_ManufacturerCode",
					"JucePlugin_AAXProductId=JucePlugin_PluginCode",
					"JucePlugin_AAXCategory=0",
					"JucePlugin_AAXDisableBypass=0",
					"JucePlugin_AAXDisableMultiMono=0",
					"JucePlugin_IAAType=0x61757278",
					"JucePlugin_IAASubType=JucePlugin_PluginCode",
					"JucePlugin_IAAName=\\\"Black\\ Martini:\\ GuitarAmpBasic\\\"",
					"JucePlugin_VSTNumMidiInputs=16",
					"JucePlugin_VSTNumMidiOutputs=16",
					"JucePlugin_ARAContentTypes=0",
					"JucePlugin_ARATransformationFlags=0",
					"JucePlugin_ARAFactoryID=\\\"com.BlackMartini.GuitarAmpBasic.factory\\\"",
					"JucePlugin_ARADocumentArchiveID=\\\"com.BlackMartini.GuitarAmpBasic.aradocumentarchive.1.0.0\\\"",
					"JucePlugin_ARACompatibleArchiveIDs=\\\"\\\"",
					"JUCE_STANDALONE_APPLICATION=JucePlugin_Build_Standalone",
					"JUCER_XCODE_MAC_F6D2F4CF=1",
					"JUCE_APP_VERSION=1.0.0",
					"JUCE_APP_VERSION_HEX=0x10000",
				);
				GCC_VERSION = com.apple.compilers.llvm.clang.1_0;
				GENERATE_PKGINFO_FILE = YES;
				HEADER_SEARCH_PATHS = (
					/Applications/JUCE/modules/juce_audio_processors/format_types/VST3_SDK,
					"$(SRCROOT)/../../JuceLibraryCode",
					/Applications/JUCE/modules,
					/Applications/JUCE/modules/juce_audio_plugin_client,
					"$(inherited)",
				);
				INFOPLIST_FILE = "Info-AU.plist";
				INFOPLIST_PREPROCESS = NO;
				INSTALL_PATH = "$(HOME)/Library/Audio/Plug-Ins/Components/";
				LIBRARY_STYLE = Bundle;
				MACOSX_DEPLOYMENT_TARGET = 10.11;
				MTL_HEADER_SEARCH_PATHS = "/Applications/JUCE/modules/juce_audio_processors/format_types/VST3_SDK $(SRCROOT)/../../JuceLibraryCode /Applications/JUCE/modules /Applications/JUCE/modules/juce_audio_plugin_client";
				OTHER_LDFLAGS = (
					"-bundle",
					"-lGuitarAmpBasic",
					"-weak_framework",
					Metal,
					"-weak_framework",
					MetalKit,
				);
				OTHER_REZFLAGS = "-d ppc_$ppc -d i386_$i386 -d ppc64_$ppc64 -d x86_64_$x86_64 -d arm64_$arm64 -I /System/Library/Frameworks/CoreServices.framework/Frameworks/CarbonCore.framework/Versions/A/Headers -I \"$(DEVELOPER_DIR)/Extras/CoreAudio/AudioUnits/AUPublic/AUBase\" -I \"$(DEVELOPER_DIR)/Platforms/MacOSX.platform/Developer/SDKs/MacOSX.sdk/System/Library/Frameworks/AudioUnit.framework/Headers\"";
				PRODUCT_BUNDLE_IDENTIFIER = com.BlackMartini.GuitarAmpBasic;
				PRODUCT_NAME = GuitarAmpBasic;
				USE_HEADERMAP = NO;
				VALID_ARCHS = "i386 x86_64 arm64 arm64e";
				WRAPPER_EXTENSION = component;
			};
			name = Debug;
		};
		3B79CC09DBEF9FD72B96FBD8 /* Debug */ = {
			isa = XCBuildConfiguration;
			buildSettings = {
				CLANG_CXX_LANGUAGE_STANDARD = "c++14";
				CLANG_CXX_LIBRARY = "libc++";
				CLANG_LINK_OBJC_RUNTIME = NO;
				CODE_SIGN_IDENTITY = "";
				COMBINE_HIDPI_IMAGES = YES;
				CONFIGURATION_BUILD_DIR = "$(PROJECT_DIR)/build/$(CONFIGURATION)";
				COPY_PHASE_STRIP = NO;
				DEPLOYMENT_LOCATION = YES;
				DSTROOT = /;
				EXCLUDED_ARCHS = "";
				GCC_DYNAMIC_NO_PIC = NO;
				GCC_OPTIMIZATION_LEVEL = 0;
				GCC_PREPROCESSOR_DEFINITIONS = (
					"_DEBUG=1",
					"DEBUG=1",
					"JUCE_DISPLAY_SPLASH_SCREEN=1",
					"JUCE_USE_DARK_SPLASH_SCREEN=1",
					"JUCE_PROJUCER_VERSION=0x70002",
					"JUCE_MODULE_AVAILABLE_juce_audio_basics=1",
					"JUCE_MODULE_AVAILABLE_juce_audio_devices=1",
					"JUCE_MODULE_AVAILABLE_juce_audio_formats=1",
					"JUCE_MODULE_AVAILABLE_juce_audio_plugin_client=1",
					"JUCE_MODULE_AVAILABLE_juce_audio_processors=1",
					"JUCE_MODULE_AVAILABLE_juce_audio_utils=1",
					"JUCE_MODULE_AVAILABLE_juce_core=1",
					"JUCE_MODULE_AVAILABLE_juce_data_structures=1",
					"JUCE_MODULE_AVAILABLE_juce_dsp=1",
					"JUCE_MODULE_AVAILABLE_juce_events=1",
					"JUCE_MODULE_AVAILABLE_juce_graphics=1",
					"JUCE_MODULE_AVAILABLE_juce_gui_basics=1",
					"JUCE_MODULE_AVAILABLE_juce_gui_extra=1",
					"JUCE_GLOBAL_MODULE_SETTINGS_INCLUDED=1",
					"JUCE_VST3_CAN_REPLACE_VST2=0",
					"JUCE_STRICT_REFCOUNTEDPOINTER=1",
					"JucePlugin_Build_VST=0",
					"JucePlugin_Build_VST3=1",
					"JucePlugin_Build_AU=0",
					"JucePlugin_Build_AUv3=0",
					"JucePlugin_Build_AAX=0",
					"JucePlugin_Build_Standalone=0",
					"JucePlugin_Build_Unity=0",
					"JucePlugin_Build_LV2=0",
					"JucePlugin_Enable_IAA=0",
					"JucePlugin_Enable_ARA=0",
					"JucePlugin_Name=\\\"GuitarAmpBasic\\\"",
					"JucePlugin_Desc=\\\"GuitarAmpBasic\\\"",
					"JucePlugin_Manufacturer=\\\"Black\\ Martini\\\"",
					"JucePlugin_ManufacturerWebsite=\\\"www.BlackMartini.com\\\"",
					"JucePlugin_ManufacturerEmail=\\\"\\\"",
					"JucePlugin_ManufacturerCode=0x4d616e75",
					"JucePlugin_PluginCode=0x5171326c",
					"JucePlugin_IsSynth=0",
					"JucePlugin_WantsMidiInput=0",
					"JucePlugin_ProducesMidiOutput=0",
					"JucePlugin_IsMidiEffect=0",
					"JucePlugin_EditorRequiresKeyboardFocus=0",
					"JucePlugin_Version=1.0.0",
					"JucePlugin_VersionCode=0x10000",
					"JucePlugin_VersionString=\\\"1.0.0\\\"",
					"JucePlugin_VSTUniqueID=JucePlugin_PluginCode",
					"JucePlugin_VSTCategory=kPlugCategEffect",
					"JucePlugin_Vst3Category=\\\"Fx\\\"",
					"JucePlugin_AUMainType=\\'aufx\\'",
					"JucePlugin_AUSubType=JucePlugin_PluginCode",
					"JucePlugin_AUExportPrefix=GuitarAmpBasicAU",
					"JucePlugin_AUExportPrefixQuoted=\\\"GuitarAmpBasicAU\\\"",
					"JucePlugin_AUManufacturerCode=JucePlugin_ManufacturerCode",
					"JucePlugin_CFBundleIdentifier=com.BlackMartini.GuitarAmpBasic",
					"JucePlugin_AAXIdentifier=com.BlackMartini.GuitarAmpBasic",
					"JucePlugin_AAXManufacturerCode=JucePlugin_ManufacturerCode",
					"JucePlugin_AAXProductId=JucePlugin_PluginCode",
					"JucePlugin_AAXCategory=0",
					"JucePlugin_AAXDisableBypass=0",
					"JucePlugin_AAXDisableMultiMono=0",
					"JucePlugin_IAAType=0x61757278",
					"JucePlugin_IAASubType=JucePlugin_PluginCode",
					"JucePlugin_IAAName=\\\"Black\\ Martini:\\ GuitarAmpBasic\\\"",
					"JucePlugin_VSTNumMidiInputs=16",
					"JucePlugin_VSTNumMidiOutputs=16",
					"JucePlugin_ARAContentTypes=0",
					"JucePlugin_ARATransformationFlags=0",
					"JucePlugin_ARAFactoryID=\\\"com.BlackMartini.GuitarAmpBasic.factory\\\"",
					"JucePlugin_ARADocumentArchiveID=\\\"com.BlackMartini.GuitarAmpBasic.aradocumentarchive.1.0.0\\\"",
					"JucePlugin_ARACompatibleArchiveIDs=\\\"\\\"",
					"JUCE_STANDALONE_APPLICATION=JucePlugin_Build_Standalone",
					"JUCER_XCODE_MAC_F6D2F4CF=1",
					"JUCE_APP_VERSION=1.0.0",
					"JUCE_APP_VERSION_HEX=0x10000",
				);
				GCC_VERSION = com.apple.compilers.llvm.clang.1_0;
				GENERATE_PKGINFO_FILE = YES;
				HEADER_SEARCH_PATHS = (
					/Applications/JUCE/modules/juce_audio_processors/format_types/VST3_SDK,
					"$(SRCROOT)/../../JuceLibraryCode",
					/Applications/JUCE/modules,
					/Applications/JUCE/modules/juce_audio_plugin_client,
					"$(inherited)",
				);
				INFOPLIST_FILE = "Info-VST3.plist";
				INFOPLIST_PREPROCESS = NO;
				INSTALL_PATH = "$(HOME)/Library/Audio/Plug-Ins/VST3/";
				LIBRARY_STYLE = Bundle;
				MACOSX_DEPLOYMENT_TARGET = 10.11;
				MTL_HEADER_SEARCH_PATHS = "/Applications/JUCE/modules/juce_audio_processors/format_types/VST3_SDK $(SRCROOT)/../../JuceLibraryCode /Applications/JUCE/modules /Applications/JUCE/modules/juce_audio_plugin_client";
				OTHER_LDFLAGS = (
					"-bundle",
					"-lGuitarAmpBasic",
					"-weak_framework",
					Metal,
					"-weak_framework",
					MetalKit,
				);
				PRODUCT_BUNDLE_IDENTIFIER = com.BlackMartini.GuitarAmpBasic;
				PRODUCT_NAME = GuitarAmpBasic;
				USE_HEADERMAP = NO;
				VALID_ARCHS = "i386 x86_64 arm64 arm64e";
				WRAPPER_EXTENSION = vst3;
			};
			name = Debug;
		};
		44B41B2CB13C1A16D0FC064B /* Release */ = {
			isa = XCBuildConfiguration;
			buildSettings = {
				MACOSX_DEPLOYMENT_TARGET = 10.11;
				SDKROOT = macosx;
			};
			name = Release;
		};
		5DCCE0626FC95BA7E700A318 /* Release */ = {
			isa = XCBuildConfiguration;
			buildSettings = {
				CLANG_CXX_LANGUAGE_STANDARD = "c++14";
				CLANG_CXX_LIBRARY = "libc++";
				CLANG_LINK_OBJC_RUNTIME = NO;
				CODE_SIGN_IDENTITY = "";
				COMBINE_HIDPI_IMAGES = YES;
				CONFIGURATION_BUILD_DIR = "$(PROJECT_DIR)/build/$(CONFIGURATION)";
				DEAD_CODE_STRIPPING = YES;
				DEPLOYMENT_LOCATION = YES;
				DSTROOT = /;
				EXCLUDED_ARCHS = "";
				GCC_GENERATE_DEBUGGING_SYMBOLS = NO;
				GCC_OPTIMIZATION_LEVEL = 3;
				GCC_PREPROCESSOR_DEFINITIONS = (
					"_NDEBUG=1",
					"NDEBUG=1",
					"JUCE_DISPLAY_SPLASH_SCREEN=1",
					"JUCE_USE_DARK_SPLASH_SCREEN=1",
					"JUCE_PROJUCER_VERSION=0x70002",
					"JUCE_MODULE_AVAILABLE_juce_audio_basics=1",
					"JUCE_MODULE_AVAILABLE_juce_audio_devices=1",
					"JUCE_MODULE_AVAILABLE_juce_audio_formats=1",
					"JUCE_MODULE_AVAILABLE_juce_audio_plugin_client=1",
					"JUCE_MODULE_AVAILABLE_juce_audio_processors=1",
					"JUCE_MODULE_AVAILABLE_juce_audio_utils=1",
					"JUCE_MODULE_AVAILABLE_juce_core=1",
					"JUCE_MODULE_AVAILABLE_juce_data_structures=1",
					"JUCE_MODULE_AVAILABLE_juce_dsp=1",
					"JUCE_MODULE_AVAILABLE_juce_events=1",
					"JUCE_MODULE_AVAILABLE_juce_graphics=1",
					"JUCE_MODULE_AVAILABLE_juce_gui_basics=1",
					"JUCE_MODULE_AVAILABLE_juce_gui_extra=1",
					"JUCE_GLOBAL_MODULE_SETTINGS_INCLUDED=1",
					"JUCE_VST3_CAN_REPLACE_VST2=0",
					"JUCE_STRICT_REFCOUNTEDPOINTER=1",
					"JucePlugin_Build_VST=0",
					"JucePlugin_Build_VST3=0",
					"JucePlugin_Build_AU=1",
					"JucePlugin_Build_AUv3=0",
					"JucePlugin_Build_AAX=0",
					"JucePlugin_Build_Standalone=0",
					"JucePlugin_Build_Unity=0",
					"JucePlugin_Build_LV2=0",
					"JucePlugin_Enable_IAA=0",
					"JucePlugin_Enable_ARA=0",
					"JucePlugin_Name=\\\"GuitarAmpBasic\\\"",
					"JucePlugin_Desc=\\\"GuitarAmpBasic\\\"",
					"JucePlugin_Manufacturer=\\\"Black\\ Martini\\\"",
					"JucePlugin_ManufacturerWebsite=\\\"www.BlackMartini.com\\\"",
					"JucePlugin_ManufacturerEmail=\\\"\\\"",
					"JucePlugin_ManufacturerCode=0x4d616e75",
					"JucePlugin_PluginCode=0x5171326c",
					"JucePlugin_IsSynth=0",
					"JucePlugin_WantsMidiInput=0",
					"JucePlugin_ProducesMidiOutput=0",
					"JucePlugin_IsMidiEffect=0",
					"JucePlugin_EditorRequiresKeyboardFocus=0",
					"JucePlugin_Version=1.0.0",
					"JucePlugin_VersionCode=0x10000",
					"JucePlugin_VersionString=\\\"1.0.0\\\"",
					"JucePlugin_VSTUniqueID=JucePlugin_PluginCode",
					"JucePlugin_VSTCategory=kPlugCategEffect",
					"JucePlugin_Vst3Category=\\\"Fx\\\"",
					"JucePlugin_AUMainType=\\'aufx\\'",
					"JucePlugin_AUSubType=JucePlugin_PluginCode",
					"JucePlugin_AUExportPrefix=GuitarAmpBasicAU",
					"JucePlugin_AUExportPrefixQuoted=\\\"GuitarAmpBasicAU\\\"",
					"JucePlugin_AUManufacturerCode=JucePlugin_ManufacturerCode",
					"JucePlugin_CFBundleIdentifier=com.BlackMartini.GuitarAmpBasic",
					"JucePlugin_AAXIdentifier=com.BlackMartini.GuitarAmpBasic",
					"JucePlugin_AAXManufacturerCode=JucePlugin_ManufacturerCode",
					"JucePlugin_AAXProductId=JucePlugin_PluginCode",
					"JucePlugin_AAXCategory=0",
					"JucePlugin_AAXDisableBypass=0",
					"JucePlugin_AAXDisableMultiMono=0",
					"JucePlugin_IAAType=0x61757278",
					"JucePlugin_IAASubType=JucePlugin_PluginCode",
					"JucePlugin_IAAName=\\\"Black\\ Martini:\\ GuitarAmpBasic\\\"",
					"JucePlugin_VSTNumMidiInputs=16",
					"JucePlugin_VSTNumMidiOutputs=16",
					"JucePlugin_ARAContentTypes=0",
					"JucePlugin_ARATransformationFlags=0",
					"JucePlugin_ARAFactoryID=\\\"com.BlackMartini.GuitarAmpBasic.factory\\\"",
					"JucePlugin_ARADocumentArchiveID=\\\"com.BlackMartini.GuitarAmpBasic.aradocumentarchive.1.0.0\\\"",
					"JucePlugin_ARACompatibleArchiveIDs=\\\"\\\"",
					"JUCE_STANDALONE_APPLICATION=JucePlugin_Build_Standalone",
					"JUCER_XCODE_MAC_F6D2F4CF=1",
					"JUCE_APP_VERSION=1.0.0",
					"JUCE_APP_VERSION_HEX=0x10000",
				);
				GCC_VERSION = com.apple.compilers.llvm.clang.1_0;
				GENERATE_PKGINFO_FILE = YES;
				HEADER_SEARCH_PATHS = (
					/Applications/JUCE/modules/juce_audio_processors/format_types/VST3_SDK,
					"$(SRCROOT)/../../JuceLibraryCode",
					/Applications/JUCE/modules,
					/Applications/JUCE/modules/juce_audio_plugin_client,
					"$(inherited)",
				);
				INFOPLIST_FILE = "Info-AU.plist";
				INFOPLIST_PREPROCESS = NO;
				INSTALL_PATH = "$(HOME)/Library/Audio/Plug-Ins/Components/";
				LIBRARY_STYLE = Bundle;
				LLVM_LTO = YES;
				MACOSX_DEPLOYMENT_TARGET = 10.11;
				MTL_HEADER_SEARCH_PATHS = "/Applications/JUCE/modules/juce_audio_processors/format_types/VST3_SDK $(SRCROOT)/../../JuceLibraryCode /Applications/JUCE/modules /Applications/JUCE/modules/juce_audio_plugin_client";
				OTHER_LDFLAGS = (
					"-bundle",
					"-lGuitarAmpBasic",
					"-weak_framework",
					Metal,
					"-weak_framework",
					MetalKit,
				);
				OTHER_REZFLAGS = "-d ppc_$ppc -d i386_$i386 -d ppc64_$ppc64 -d x86_64_$x86_64 -d arm64_$arm64 -I /System/Library/Frameworks/CoreServices.framework/Frameworks/CarbonCore.framework/Versions/A/Headers -I \"$(DEVELOPER_DIR)/Extras/CoreAudio/AudioUnits/AUPublic/AUBase\" -I \"$(DEVELOPER_DIR)/Platforms/MacOSX.platform/Developer/SDKs/MacOSX.sdk/System/Library/Frameworks/AudioUnit.framework/Headers\"";
				PRODUCT_BUNDLE_IDENTIFIER = com.BlackMartini.GuitarAmpBasic;
				PRODUCT_NAME = GuitarAmpBasic;
				USE_HEADERMAP = NO;
				VALID_ARCHS = "i386 x86_64 arm64 arm64e";
				WRAPPER_EXTENSION = component;
			};
			name = Release;
		};
		71DE2986AFCD1E8B0C9F9146 /* Release */ = {
			isa = XCBuildConfiguration;
			buildSettings = {
				CLANG_CXX_LANGUAGE_STANDARD = "c++14";
				CLANG_CXX_LIBRARY = "libc++";
				CLANG_LINK_OBJC_RUNTIME = NO;
				CODE_SIGN_IDENTITY = "";
				COMBINE_HIDPI_IMAGES = YES;
				CONFIGURATION_BUILD_DIR = "$(PROJECT_DIR)/build/$(CONFIGURATION)";
				DEAD_CODE_STRIPPING = YES;
				EXCLUDED_ARCHS = "";
				GCC_GENERATE_DEBUGGING_SYMBOLS = NO;
				GCC_OPTIMIZATION_LEVEL = 3;
				GCC_PREPROCESSOR_DEFINITIONS = (
					"_NDEBUG=1",
					"NDEBUG=1",
					"JUCE_DISPLAY_SPLASH_SCREEN=1",
					"JUCE_USE_DARK_SPLASH_SCREEN=1",
					"JUCE_PROJUCER_VERSION=0x70002",
					"JUCE_MODULE_AVAILABLE_juce_audio_basics=1",
					"JUCE_MODULE_AVAILABLE_juce_audio_devices=1",
					"JUCE_MODULE_AVAILABLE_juce_audio_formats=1",
					"JUCE_MODULE_AVAILABLE_juce_audio_plugin_client=1",
					"JUCE_MODULE_AVAILABLE_juce_audio_processors=1",
					"JUCE_MODULE_AVAILABLE_juce_audio_utils=1",
					"JUCE_MODULE_AVAILABLE_juce_core=1",
					"JUCE_MODULE_AVAILABLE_juce_data_structures=1",
					"JUCE_MODULE_AVAILABLE_juce_dsp=1",
					"JUCE_MODULE_AVAILABLE_juce_events=1",
					"JUCE_MODULE_AVAILABLE_juce_graphics=1",
					"JUCE_MODULE_AVAILABLE_juce_gui_basics=1",
					"JUCE_MODULE_AVAILABLE_juce_gui_extra=1",
					"JUCE_GLOBAL_MODULE_SETTINGS_INCLUDED=1",
					"JUCE_VST3_CAN_REPLACE_VST2=0",
					"JUCE_STRICT_REFCOUNTEDPOINTER=1",
					"JucePlugin_Build_VST=0",
					"JucePlugin_Build_VST3=1",
					"JucePlugin_Build_AU=1",
					"JucePlugin_Build_AUv3=0",
					"JucePlugin_Build_AAX=0",
					"JucePlugin_Build_Standalone=1",
					"JucePlugin_Build_Unity=0",
					"JucePlugin_Build_LV2=0",
					"JucePlugin_Enable_IAA=0",
					"JucePlugin_Enable_ARA=0",
					"JucePlugin_Name=\\\"GuitarAmpBasic\\\"",
					"JucePlugin_Desc=\\\"GuitarAmpBasic\\\"",
					"JucePlugin_Manufacturer=\\\"Black\\ Martini\\\"",
					"JucePlugin_ManufacturerWebsite=\\\"www.BlackMartini.com\\\"",
					"JucePlugin_ManufacturerEmail=\\\"\\\"",
					"JucePlugin_ManufacturerCode=0x4d616e75",
					"JucePlugin_PluginCode=0x5171326c",
					"JucePlugin_IsSynth=0",
					"JucePlugin_WantsMidiInput=0",
					"JucePlugin_ProducesMidiOutput=0",
					"JucePlugin_IsMidiEffect=0",
					"JucePlugin_EditorRequiresKeyboardFocus=0",
					"JucePlugin_Version=1.0.0",
					"JucePlugin_VersionCode=0x10000",
					"JucePlugin_VersionString=\\\"1.0.0\\\"",
					"JucePlugin_VSTUniqueID=JucePlugin_PluginCode",
					"JucePlugin_VSTCategory=kPlugCategEffect",
					"JucePlugin_Vst3Category=\\\"Fx\\\"",
					"JucePlugin_AUMainType=\\'aufx\\'",
					"JucePlugin_AUSubType=JucePlugin_PluginCode",
					"JucePlugin_AUExportPrefix=GuitarAmpBasicAU",
					"JucePlugin_AUExportPrefixQuoted=\\\"GuitarAmpBasicAU\\\"",
					"JucePlugin_AUManufacturerCode=JucePlugin_ManufacturerCode",
					"JucePlugin_CFBundleIdentifier=com.BlackMartini.GuitarAmpBasic",
					"JucePlugin_AAXIdentifier=com.BlackMartini.GuitarAmpBasic",
					"JucePlugin_AAXManufacturerCode=JucePlugin_ManufacturerCode",
					"JucePlugin_AAXProductId=JucePlugin_PluginCode",
					"JucePlugin_AAXCategory=0",
					"JucePlugin_AAXDisableBypass=0",
					"JucePlugin_AAXDisableMultiMono=0",
					"JucePlugin_IAAType=0x61757278",
					"JucePlugin_IAASubType=JucePlugin_PluginCode",
					"JucePlugin_IAAName=\\\"Black\\ Martini:\\ GuitarAmpBasic\\\"",
					"JucePlugin_VSTNumMidiInputs=16",
					"JucePlugin_VSTNumMidiOutputs=16",
					"JucePlugin_ARAContentTypes=0",
					"JucePlugin_ARATransformationFlags=0",
					"JucePlugin_ARAFactoryID=\\\"com.BlackMartini.GuitarAmpBasic.factory\\\"",
					"JucePlugin_ARADocumentArchiveID=\\\"com.BlackMartini.GuitarAmpBasic.aradocumentarchive.1.0.0\\\"",
					"JucePlugin_ARACompatibleArchiveIDs=\\\"\\\"",
					"JUCE_STANDALONE_APPLICATION=JucePlugin_Build_Standalone",
					"JUCER_XCODE_MAC_F6D2F4CF=1",
					"JUCE_APP_VERSION=1.0.0",
					"JUCE_APP_VERSION_HEX=0x10000",
					"JUCE_SHARED_CODE=1",
				);
				GCC_VERSION = com.apple.compilers.llvm.clang.1_0;
				HEADER_SEARCH_PATHS = (
					/Applications/JUCE/modules/juce_audio_processors/format_types/VST3_SDK,
					"$(SRCROOT)/../../JuceLibraryCode",
					/Applications/JUCE/modules,
					/Applications/JUCE/modules/juce_audio_plugin_client,
					"$(inherited)",
				);
				INSTALL_PATH = "@executable_path/../Frameworks";
				LLVM_LTO = YES;
				MACOSX_DEPLOYMENT_TARGET = 10.11;
				MTL_HEADER_SEARCH_PATHS = "/Applications/JUCE/modules/juce_audio_processors/format_types/VST3_SDK $(SRCROOT)/../../JuceLibraryCode /Applications/JUCE/modules /Applications/JUCE/modules/juce_audio_plugin_client";
				OTHER_LDFLAGS = (
					"-weak_framework",
					Metal,
					"-weak_framework",
					MetalKit,
				);
				PRODUCT_BUNDLE_IDENTIFIER = com.BlackMartini.GuitarAmpBasic;
				PRODUCT_NAME = GuitarAmpBasic;
				SKIP_INSTALL = YES;
				USE_HEADERMAP = NO;
				VALID_ARCHS = "i386 x86_64 arm64 arm64e";
			};
			name = Release;
		};
		8E7BBDD49F1F3D1B5489411D /* Release */ = {
			isa = XCBuildConfiguration;
			buildSettings = {
				CLANG_CXX_LANGUAGE_STANDARD = "c++14";
				CLANG_CXX_LIBRARY = "libc++";
				CLANG_LINK_OBJC_RUNTIME = NO;
				CODE_SIGN_IDENTITY = "";
				COMBINE_HIDPI_IMAGES = YES;
				CONFIGURATION_BUILD_DIR = "$(PROJECT_DIR)/build/$(CONFIGURATION)";
				DEAD_CODE_STRIPPING = YES;
				EXCLUDED_ARCHS = "";
				GCC_GENERATE_DEBUGGING_SYMBOLS = NO;
				GCC_OPTIMIZATION_LEVEL = 3;
				GCC_PREPROCESSOR_DEFINITIONS = (
					"_NDEBUG=1",
					"NDEBUG=1",
					"JUCE_DISPLAY_SPLASH_SCREEN=1",
					"JUCE_USE_DARK_SPLASH_SCREEN=1",
					"JUCE_PROJUCER_VERSION=0x70002",
					"JUCE_MODULE_AVAILABLE_juce_audio_basics=1",
					"JUCE_MODULE_AVAILABLE_juce_audio_devices=1",
					"JUCE_MODULE_AVAILABLE_juce_audio_formats=1",
					"JUCE_MODULE_AVAILABLE_juce_audio_plugin_client=1",
					"JUCE_MODULE_AVAILABLE_juce_audio_processors=1",
					"JUCE_MODULE_AVAILABLE_juce_audio_utils=1",
					"JUCE_MODULE_AVAILABLE_juce_core=1",
					"JUCE_MODULE_AVAILABLE_juce_data_structures=1",
					"JUCE_MODULE_AVAILABLE_juce_dsp=1",
					"JUCE_MODULE_AVAILABLE_juce_events=1",
					"JUCE_MODULE_AVAILABLE_juce_graphics=1",
					"JUCE_MODULE_AVAILABLE_juce_gui_basics=1",
					"JUCE_MODULE_AVAILABLE_juce_gui_extra=1",
					"JUCE_GLOBAL_MODULE_SETTINGS_INCLUDED=1",
					"JUCE_VST3_CAN_REPLACE_VST2=0",
					"JUCE_STRICT_REFCOUNTEDPOINTER=1",
					"JucePlugin_Build_VST=0",
					"JucePlugin_Build_VST3=0",
					"JucePlugin_Build_AU=0",
					"JucePlugin_Build_AUv3=0",
					"JucePlugin_Build_AAX=0",
					"JucePlugin_Build_Standalone=1",
					"JucePlugin_Build_Unity=0",
					"JucePlugin_Build_LV2=0",
					"JucePlugin_Enable_IAA=0",
					"JucePlugin_Enable_ARA=0",
					"JucePlugin_Name=\\\"GuitarAmpBasic\\\"",
					"JucePlugin_Desc=\\\"GuitarAmpBasic\\\"",
					"JucePlugin_Manufacturer=\\\"Black\\ Martini\\\"",
					"JucePlugin_ManufacturerWebsite=\\\"www.BlackMartini.com\\\"",
					"JucePlugin_ManufacturerEmail=\\\"\\\"",
					"JucePlugin_ManufacturerCode=0x4d616e75",
					"JucePlugin_PluginCode=0x5171326c",
					"JucePlugin_IsSynth=0",
					"JucePlugin_WantsMidiInput=0",
					"JucePlugin_ProducesMidiOutput=0",
					"JucePlugin_IsMidiEffect=0",
					"JucePlugin_EditorRequiresKeyboardFocus=0",
					"JucePlugin_Version=1.0.0",
					"JucePlugin_VersionCode=0x10000",
					"JucePlugin_VersionString=\\\"1.0.0\\\"",
					"JucePlugin_VSTUniqueID=JucePlugin_PluginCode",
					"JucePlugin_VSTCategory=kPlugCategEffect",
					"JucePlugin_Vst3Category=\\\"Fx\\\"",
					"JucePlugin_AUMainType=\\'aufx\\'",
					"JucePlugin_AUSubType=JucePlugin_PluginCode",
					"JucePlugin_AUExportPrefix=GuitarAmpBasicAU",
					"JucePlugin_AUExportPrefixQuoted=\\\"GuitarAmpBasicAU\\\"",
					"JucePlugin_AUManufacturerCode=JucePlugin_ManufacturerCode",
					"JucePlugin_CFBundleIdentifier=com.BlackMartini.GuitarAmpBasic",
					"JucePlugin_AAXIdentifier=com.BlackMartini.GuitarAmpBasic",
					"JucePlugin_AAXManufacturerCode=JucePlugin_ManufacturerCode",
					"JucePlugin_AAXProductId=JucePlugin_PluginCode",
					"JucePlugin_AAXCategory=0",
					"JucePlugin_AAXDisableBypass=0",
					"JucePlugin_AAXDisableMultiMono=0",
					"JucePlugin_IAAType=0x61757278",
					"JucePlugin_IAASubType=JucePlugin_PluginCode",
					"JucePlugin_IAAName=\\\"Black\\ Martini:\\ GuitarAmpBasic\\\"",
					"JucePlugin_VSTNumMidiInputs=16",
					"JucePlugin_VSTNumMidiOutputs=16",
					"JucePlugin_ARAContentTypes=0",
					"JucePlugin_ARATransformationFlags=0",
					"JucePlugin_ARAFactoryID=\\\"com.BlackMartini.GuitarAmpBasic.factory\\\"",
					"JucePlugin_ARADocumentArchiveID=\\\"com.BlackMartini.GuitarAmpBasic.aradocumentarchive.1.0.0\\\"",
					"JucePlugin_ARACompatibleArchiveIDs=\\\"\\\"",
					"JUCE_STANDALONE_APPLICATION=JucePlugin_Build_Standalone",
					"JUCER_XCODE_MAC_F6D2F4CF=1",
					"JUCE_APP_VERSION=1.0.0",
					"JUCE_APP_VERSION_HEX=0x10000",
				);
				GCC_VERSION = com.apple.compilers.llvm.clang.1_0;
				HEADER_SEARCH_PATHS = (
					/Applications/JUCE/modules/juce_audio_processors/format_types/VST3_SDK,
					"$(SRCROOT)/../../JuceLibraryCode",
					/Applications/JUCE/modules,
					/Applications/JUCE/modules/juce_audio_plugin_client,
					"$(inherited)",
				);
				INFOPLIST_FILE = "Info-Standalone_Plugin.plist";
				INFOPLIST_PREPROCESS = NO;
				LLVM_LTO = YES;
				MACOSX_DEPLOYMENT_TARGET = 10.11;
				MTL_HEADER_SEARCH_PATHS = "/Applications/JUCE/modules/juce_audio_processors/format_types/VST3_SDK $(SRCROOT)/../../JuceLibraryCode /Applications/JUCE/modules /Applications/JUCE/modules/juce_audio_plugin_client";
				OTHER_LDFLAGS = (
					"-lGuitarAmpBasic",
					"-weak_framework",
					Metal,
					"-weak_framework",
					MetalKit,
				);
				PRODUCT_BUNDLE_IDENTIFIER = com.BlackMartini.GuitarAmpBasic;
				PRODUCT_NAME = GuitarAmpBasic;
				USE_HEADERMAP = NO;
				VALID_ARCHS = "i386 x86_64 arm64 arm64e";
			};
			name = Release;
		};
		9522CB9B1E51F1553C2BB181 /* Debug */ = {
			isa = XCBuildConfiguration;
			buildSettings = {
				CLANG_CXX_LANGUAGE_STANDARD = "c++14";
				CLANG_CXX_LIBRARY = "libc++";
				CLANG_LINK_OBJC_RUNTIME = NO;
				CODE_SIGN_IDENTITY = "";
				COMBINE_HIDPI_IMAGES = YES;
				CONFIGURATION_BUILD_DIR = "$(PROJECT_DIR)/build/$(CONFIGURATION)";
				COPY_PHASE_STRIP = NO;
				EXCLUDED_ARCHS = "";
				GCC_DYNAMIC_NO_PIC = NO;
				GCC_OPTIMIZATION_LEVEL = 0;
				GCC_PREPROCESSOR_DEFINITIONS = (
					"_DEBUG=1",
					"DEBUG=1",
					"JUCE_DISPLAY_SPLASH_SCREEN=1",
					"JUCE_USE_DARK_SPLASH_SCREEN=1",
					"JUCE_PROJUCER_VERSION=0x70002",
					"JUCE_MODULE_AVAILABLE_juce_audio_basics=1",
					"JUCE_MODULE_AVAILABLE_juce_audio_devices=1",
					"JUCE_MODULE_AVAILABLE_juce_audio_formats=1",
					"JUCE_MODULE_AVAILABLE_juce_audio_plugin_client=1",
					"JUCE_MODULE_AVAILABLE_juce_audio_processors=1",
					"JUCE_MODULE_AVAILABLE_juce_audio_utils=1",
					"JUCE_MODULE_AVAILABLE_juce_core=1",
					"JUCE_MODULE_AVAILABLE_juce_data_structures=1",
					"JUCE_MODULE_AVAILABLE_juce_dsp=1",
					"JUCE_MODULE_AVAILABLE_juce_events=1",
					"JUCE_MODULE_AVAILABLE_juce_graphics=1",
					"JUCE_MODULE_AVAILABLE_juce_gui_basics=1",
					"JUCE_MODULE_AVAILABLE_juce_gui_extra=1",
					"JUCE_GLOBAL_MODULE_SETTINGS_INCLUDED=1",
					"JUCE_VST3_CAN_REPLACE_VST2=0",
					"JUCE_STRICT_REFCOUNTEDPOINTER=1",
					"JucePlugin_Build_VST=0",
					"JucePlugin_Build_VST3=0",
					"JucePlugin_Build_AU=0",
					"JucePlugin_Build_AUv3=0",
					"JucePlugin_Build_AAX=0",
					"JucePlugin_Build_Standalone=1",
					"JucePlugin_Build_Unity=0",
					"JucePlugin_Build_LV2=0",
					"JucePlugin_Enable_IAA=0",
					"JucePlugin_Enable_ARA=0",
					"JucePlugin_Name=\\\"GuitarAmpBasic\\\"",
					"JucePlugin_Desc=\\\"GuitarAmpBasic\\\"",
					"JucePlugin_Manufacturer=\\\"Black\\ Martini\\\"",
					"JucePlugin_ManufacturerWebsite=\\\"www.BlackMartini.com\\\"",
					"JucePlugin_ManufacturerEmail=\\\"\\\"",
					"JucePlugin_ManufacturerCode=0x4d616e75",
					"JucePlugin_PluginCode=0x5171326c",
					"JucePlugin_IsSynth=0",
					"JucePlugin_WantsMidiInput=0",
					"JucePlugin_ProducesMidiOutput=0",
					"JucePlugin_IsMidiEffect=0",
					"JucePlugin_EditorRequiresKeyboardFocus=0",
					"JucePlugin_Version=1.0.0",
					"JucePlugin_VersionCode=0x10000",
					"JucePlugin_VersionString=\\\"1.0.0\\\"",
					"JucePlugin_VSTUniqueID=JucePlugin_PluginCode",
					"JucePlugin_VSTCategory=kPlugCategEffect",
					"JucePlugin_Vst3Category=\\\"Fx\\\"",
					"JucePlugin_AUMainType=\\'aufx\\'",
					"JucePlugin_AUSubType=JucePlugin_PluginCode",
					"JucePlugin_AUExportPrefix=GuitarAmpBasicAU",
					"JucePlugin_AUExportPrefixQuoted=\\\"GuitarAmpBasicAU\\\"",
					"JucePlugin_AUManufacturerCode=JucePlugin_ManufacturerCode",
					"JucePlugin_CFBundleIdentifier=com.BlackMartini.GuitarAmpBasic",
					"JucePlugin_AAXIdentifier=com.BlackMartini.GuitarAmpBasic",
					"JucePlugin_AAXManufacturerCode=JucePlugin_ManufacturerCode",
					"JucePlugin_AAXProductId=JucePlugin_PluginCode",
					"JucePlugin_AAXCategory=0",
					"JucePlugin_AAXDisableBypass=0",
					"JucePlugin_AAXDisableMultiMono=0",
					"JucePlugin_IAAType=0x61757278",
					"JucePlugin_IAASubType=JucePlugin_PluginCode",
					"JucePlugin_IAAName=\\\"Black\\ Martini:\\ GuitarAmpBasic\\\"",
					"JucePlugin_VSTNumMidiInputs=16",
					"JucePlugin_VSTNumMidiOutputs=16",
					"JucePlugin_ARAContentTypes=0",
					"JucePlugin_ARATransformationFlags=0",
					"JucePlugin_ARAFactoryID=\\\"com.BlackMartini.GuitarAmpBasic.factory\\\"",
					"JucePlugin_ARADocumentArchiveID=\\\"com.BlackMartini.GuitarAmpBasic.aradocumentarchive.1.0.0\\\"",
					"JucePlugin_ARACompatibleArchiveIDs=\\\"\\\"",
					"JUCE_STANDALONE_APPLICATION=JucePlugin_Build_Standalone",
					"JUCER_XCODE_MAC_F6D2F4CF=1",
					"JUCE_APP_VERSION=1.0.0",
					"JUCE_APP_VERSION_HEX=0x10000",
				);
				GCC_VERSION = com.apple.compilers.llvm.clang.1_0;
				HEADER_SEARCH_PATHS = (
					/Applications/JUCE/modules/juce_audio_processors/format_types/VST3_SDK,
					"$(SRCROOT)/../../JuceLibraryCode",
					/Applications/JUCE/modules,
					/Applications/JUCE/modules/juce_audio_plugin_client,
					"$(inherited)",
				);
				INFOPLIST_FILE = "Info-Standalone_Plugin.plist";
				INFOPLIST_PREPROCESS = NO;
				MACOSX_DEPLOYMENT_TARGET = 10.11;
				MTL_HEADER_SEARCH_PATHS = "/Applications/JUCE/modules/juce_audio_processors/format_types/VST3_SDK $(SRCROOT)/../../JuceLibraryCode /Applications/JUCE/modules /Applications/JUCE/modules/juce_audio_plugin_client";
				OTHER_LDFLAGS = (
					"-lGuitarAmpBasic",
					"-weak_framework",
					Metal,
					"-weak_framework",
					MetalKit,
				);
				PRODUCT_BUNDLE_IDENTIFIER = com.BlackMartini.GuitarAmpBasic;
				PRODUCT_NAME = GuitarAmpBasic;
				USE_HEADERMAP = NO;
				VALID_ARCHS = "i386 x86_64 arm64 arm64e";
			};
			name = Debug;
		};
		A0C64ABD81B4BD4F487A778B /* Release */ = {
			isa = XCBuildConfiguration;
			buildSettings = {
				CLANG_CXX_LANGUAGE_STANDARD = "c++14";
				CLANG_CXX_LIBRARY = "libc++";
				CLANG_LINK_OBJC_RUNTIME = NO;
				CODE_SIGN_IDENTITY = "";
				COMBINE_HIDPI_IMAGES = YES;
				CONFIGURATION_BUILD_DIR = "$(PROJECT_DIR)/build/$(CONFIGURATION)";
				DEAD_CODE_STRIPPING = YES;
				DEPLOYMENT_LOCATION = YES;
				DSTROOT = /;
				EXCLUDED_ARCHS = "";
				GCC_GENERATE_DEBUGGING_SYMBOLS = NO;
				GCC_OPTIMIZATION_LEVEL = 3;
				GCC_PREPROCESSOR_DEFINITIONS = (
					"_NDEBUG=1",
					"NDEBUG=1",
					"JUCE_DISPLAY_SPLASH_SCREEN=1",
					"JUCE_USE_DARK_SPLASH_SCREEN=1",
					"JUCE_PROJUCER_VERSION=0x70002",
					"JUCE_MODULE_AVAILABLE_juce_audio_basics=1",
					"JUCE_MODULE_AVAILABLE_juce_audio_devices=1",
					"JUCE_MODULE_AVAILABLE_juce_audio_formats=1",
					"JUCE_MODULE_AVAILABLE_juce_audio_plugin_client=1",
					"JUCE_MODULE_AVAILABLE_juce_audio_processors=1",
					"JUCE_MODULE_AVAILABLE_juce_audio_utils=1",
					"JUCE_MODULE_AVAILABLE_juce_core=1",
					"JUCE_MODULE_AVAILABLE_juce_data_structures=1",
					"JUCE_MODULE_AVAILABLE_juce_dsp=1",
					"JUCE_MODULE_AVAILABLE_juce_events=1",
					"JUCE_MODULE_AVAILABLE_juce_graphics=1",
					"JUCE_MODULE_AVAILABLE_juce_gui_basics=1",
					"JUCE_MODULE_AVAILABLE_juce_gui_extra=1",
					"JUCE_GLOBAL_MODULE_SETTINGS_INCLUDED=1",
					"JUCE_VST3_CAN_REPLACE_VST2=0",
					"JUCE_STRICT_REFCOUNTEDPOINTER=1",
					"JucePlugin_Build_VST=0",
					"JucePlugin_Build_VST3=1",
					"JucePlugin_Build_AU=0",
					"JucePlugin_Build_AUv3=0",
					"JucePlugin_Build_AAX=0",
					"JucePlugin_Build_Standalone=0",
					"JucePlugin_Build_Unity=0",
					"JucePlugin_Build_LV2=0",
					"JucePlugin_Enable_IAA=0",
					"JucePlugin_Enable_ARA=0",
					"JucePlugin_Name=\\\"GuitarAmpBasic\\\"",
					"JucePlugin_Desc=\\\"GuitarAmpBasic\\\"",
					"JucePlugin_Manufacturer=\\\"Black\\ Martini\\\"",
					"JucePlugin_ManufacturerWebsite=\\\"www.BlackMartini.com\\\"",
					"JucePlugin_ManufacturerEmail=\\\"\\\"",
					"JucePlugin_ManufacturerCode=0x4d616e75",
					"JucePlugin_PluginCode=0x5171326c",
					"JucePlugin_IsSynth=0",
					"JucePlugin_WantsMidiInput=0",
					"JucePlugin_ProducesMidiOutput=0",
					"JucePlugin_IsMidiEffect=0",
					"JucePlugin_EditorRequiresKeyboardFocus=0",
					"JucePlugin_Version=1.0.0",
					"JucePlugin_VersionCode=0x10000",
					"JucePlugin_VersionString=\\\"1.0.0\\\"",
					"JucePlugin_VSTUniqueID=JucePlugin_PluginCode",
					"JucePlugin_VSTCategory=kPlugCategEffect",
					"JucePlugin_Vst3Category=\\\"Fx\\\"",
					"JucePlugin_AUMainType=\\'aufx\\'",
					"JucePlugin_AUSubType=JucePlugin_PluginCode",
					"JucePlugin_AUExportPrefix=GuitarAmpBasicAU",
					"JucePlugin_AUExportPrefixQuoted=\\\"GuitarAmpBasicAU\\\"",
					"JucePlugin_AUManufacturerCode=JucePlugin_ManufacturerCode",
					"JucePlugin_CFBundleIdentifier=com.BlackMartini.GuitarAmpBasic",
					"JucePlugin_AAXIdentifier=com.BlackMartini.GuitarAmpBasic",
					"JucePlugin_AAXManufacturerCode=JucePlugin_ManufacturerCode",
					"JucePlugin_AAXProductId=JucePlugin_PluginCode",
					"JucePlugin_AAXCategory=0",
					"JucePlugin_AAXDisableBypass=0",
					"JucePlugin_AAXDisableMultiMono=0",
					"JucePlugin_IAAType=0x61757278",
					"JucePlugin_IAASubType=JucePlugin_PluginCode",
					"JucePlugin_IAAName=\\\"Black\\ Martini:\\ GuitarAmpBasic\\\"",
					"JucePlugin_VSTNumMidiInputs=16",
					"JucePlugin_VSTNumMidiOutputs=16",
					"JucePlugin_ARAContentTypes=0",
					"JucePlugin_ARATransformationFlags=0",
					"JucePlugin_ARAFactoryID=\\\"com.BlackMartini.GuitarAmpBasic.factory\\\"",
					"JucePlugin_ARADocumentArchiveID=\\\"com.BlackMartini.GuitarAmpBasic.aradocumentarchive.1.0.0\\\"",
					"JucePlugin_ARACompatibleArchiveIDs=\\\"\\\"",
					"JUCE_STANDALONE_APPLICATION=JucePlugin_Build_Standalone",
					"JUCER_XCODE_MAC_F6D2F4CF=1",
					"JUCE_APP_VERSION=1.0.0",
					"JUCE_APP_VERSION_HEX=0x10000",
				);
				GCC_VERSION = com.apple.compilers.llvm.clang.1_0;
				GENERATE_PKGINFO_FILE = YES;
				HEADER_SEARCH_PATHS = (
					/Applications/JUCE/modules/juce_audio_processors/format_types/VST3_SDK,
					"$(SRCROOT)/../../JuceLibraryCode",
					/Applications/JUCE/modules,
					/Applications/JUCE/modules/juce_audio_plugin_client,
					"$(inherited)",
				);
				INFOPLIST_FILE = "Info-VST3.plist";
				INFOPLIST_PREPROCESS = NO;
				INSTALL_PATH = "$(HOME)/Library/Audio/Plug-Ins/VST3/";
				LIBRARY_STYLE = Bundle;
				LLVM_LTO = YES;
				MACOSX_DEPLOYMENT_TARGET = 10.11;
				MTL_HEADER_SEARCH_PATHS = "/Applications/JUCE/modules/juce_audio_processors/format_types/VST3_SDK $(SRCROOT)/../../JuceLibraryCode /Applications/JUCE/modules /Applications/JUCE/modules/juce_audio_plugin_client";
				OTHER_LDFLAGS = (
					"-bundle",
					"-lGuitarAmpBasic",
					"-weak_framework",
					Metal,
					"-weak_framework",
					MetalKit,
				);
				PRODUCT_BUNDLE_IDENTIFIER = com.BlackMartini.GuitarAmpBasic;
				PRODUCT_NAME = GuitarAmpBasic;
				USE_HEADERMAP = NO;
				VALID_ARCHS = "i386 x86_64 arm64 arm64e";
				WRAPPER_EXTENSION = vst3;
			};
			name = Release;
		};
		A1FF6125C9C1B57187D74867 /* Debug */ = {
			isa = XCBuildConfiguration;
			buildSettings = {
				MACOSX_DEPLOYMENT_TARGET = 10.11;
				SDKROOT = macosx;
			};
			name = Debug;
		};
		CA912D20A16E26DAC5151AD7 /* Release */ = {
			isa = XCBuildConfiguration;
			buildSettings = {
				ALWAYS_SEARCH_USER_PATHS = NO;
				CLANG_ENABLE_OBJC_WEAK = YES;
				CLANG_WARN_BLOCK_CAPTURE_AUTORELEASING = YES;
				CLANG_WARN_BOOL_CONVERSION = YES;
				CLANG_WARN_COMMA = YES;
				CLANG_WARN_CONSTANT_CONVERSION = YES;
				CLANG_WARN_DEPRECATED_OBJC_IMPLEMENTATIONS = YES;
				CLANG_WARN_EMPTY_BODY = YES;
				CLANG_WARN_ENUM_CONVERSION = YES;
				CLANG_WARN_INFINITE_RECURSION = YES;
				CLANG_WARN_INT_CONVERSION = YES;
				CLANG_WARN_NON_LITERAL_NULL_CONVERSION = YES;
				CLANG_WARN_OBJC_IMPLICIT_RETAIN_SELF = YES;
				CLANG_WARN_OBJC_LITERAL_CONVERSION = YES;
				CLANG_WARN_RANGE_LOOP_ANALYSIS = YES;
				CLANG_WARN_STRICT_PROTOTYPES = YES;
				CLANG_WARN_SUSPICIOUS_MOVE = YES;
				CLANG_WARN_UNREACHABLE_CODE = YES;
				CLANG_WARN__DUPLICATE_METHOD_MATCH = YES;
				CODE_SIGN_IDENTITY = "";
				DEBUG_INFORMATION_FORMAT = dwarf;
				ENABLE_STRICT_OBJC_MSGSEND = YES;
				ENABLE_TESTABILITY = NO;
				GCC_C_LANGUAGE_STANDARD = c11;
				GCC_INLINES_ARE_PRIVATE_EXTERN = YES;
				GCC_MODEL_TUNING = G5;
				GCC_NO_COMMON_BLOCKS = YES;
				GCC_SYMBOLS_PRIVATE_EXTERN = YES;
				GCC_WARN_64_TO_32_BIT_CONVERSION = YES;
				GCC_WARN_ABOUT_RETURN_TYPE = YES;
				GCC_WARN_CHECK_SWITCH_STATEMENTS = YES;
				GCC_WARN_MISSING_PARENTHESES = YES;
				GCC_WARN_NON_VIRTUAL_DESTRUCTOR = YES;
				GCC_WARN_TYPECHECK_CALLS_TO_PRINTF = YES;
				GCC_WARN_UNDECLARED_SELECTOR = YES;
				GCC_WARN_UNINITIALIZED_AUTOS = YES;
				GCC_WARN_UNUSED_FUNCTION = YES;
				GCC_WARN_UNUSED_VARIABLE = YES;
				PRODUCT_NAME = GuitarAmpBasic;
				SDKROOT = macosx;
				WARNING_CFLAGS = "-Wreorder";
				ZERO_LINK = NO;
			};
			name = Release;
		};
		D02A244775DFE87FBD52FB56 /* Debug */ = {
			isa = XCBuildConfiguration;
			buildSettings = {
				ALWAYS_SEARCH_USER_PATHS = NO;
				CLANG_ENABLE_OBJC_WEAK = YES;
				CLANG_WARN_BLOCK_CAPTURE_AUTORELEASING = YES;
				CLANG_WARN_BOOL_CONVERSION = YES;
				CLANG_WARN_COMMA = YES;
				CLANG_WARN_CONSTANT_CONVERSION = YES;
				CLANG_WARN_DEPRECATED_OBJC_IMPLEMENTATIONS = YES;
				CLANG_WARN_EMPTY_BODY = YES;
				CLANG_WARN_ENUM_CONVERSION = YES;
				CLANG_WARN_INFINITE_RECURSION = YES;
				CLANG_WARN_INT_CONVERSION = YES;
				CLANG_WARN_NON_LITERAL_NULL_CONVERSION = YES;
				CLANG_WARN_OBJC_IMPLICIT_RETAIN_SELF = YES;
				CLANG_WARN_OBJC_LITERAL_CONVERSION = YES;
				CLANG_WARN_RANGE_LOOP_ANALYSIS = YES;
				CLANG_WARN_STRICT_PROTOTYPES = YES;
				CLANG_WARN_SUSPICIOUS_MOVE = YES;
				CLANG_WARN_UNREACHABLE_CODE = YES;
				CLANG_WARN__DUPLICATE_METHOD_MATCH = YES;
				CODE_SIGN_IDENTITY = "";
				DEBUG_INFORMATION_FORMAT = dwarf;
				ENABLE_STRICT_OBJC_MSGSEND = YES;
				ENABLE_TESTABILITY = NO;
				GCC_C_LANGUAGE_STANDARD = c11;
				GCC_INLINES_ARE_PRIVATE_EXTERN = YES;
				GCC_MODEL_TUNING = G5;
				GCC_NO_COMMON_BLOCKS = YES;
				GCC_SYMBOLS_PRIVATE_EXTERN = YES;
				GCC_WARN_64_TO_32_BIT_CONVERSION = YES;
				GCC_WARN_ABOUT_RETURN_TYPE = YES;
				GCC_WARN_CHECK_SWITCH_STATEMENTS = YES;
				GCC_WARN_MISSING_PARENTHESES = YES;
				GCC_WARN_NON_VIRTUAL_DESTRUCTOR = YES;
				GCC_WARN_TYPECHECK_CALLS_TO_PRINTF = YES;
				GCC_WARN_UNDECLARED_SELECTOR = YES;
				GCC_WARN_UNINITIALIZED_AUTOS = YES;
				GCC_WARN_UNUSED_FUNCTION = YES;
				GCC_WARN_UNUSED_VARIABLE = YES;
				ONLY_ACTIVE_ARCH = YES;
				PRODUCT_NAME = GuitarAmpBasic;
				SDKROOT = macosx;
				WARNING_CFLAGS = "-Wreorder";
				ZERO_LINK = NO;
			};
			name = Debug;
		};
/* End XCBuildConfiguration section */

/* Begin XCConfigurationList section */
		09E19E63AEA3937A7E0EB993 /* Build configuration list for PBXNativeTarget "GuitarAmpBasic - VST3" */ = {
			isa = XCConfigurationList;
			buildConfigurations = (
				3B79CC09DBEF9FD72B96FBD8 /* Debug */,
				A0C64ABD81B4BD4F487A778B /* Release */,
			);
			defaultConfigurationIsVisible = 0;
			defaultConfigurationName = Debug;
		};
		3AB1F923803CB57A7E760001 /* Build configuration list for PBXNativeTarget "GuitarAmpBasic - Standalone Plugin" */ = {
			isa = XCConfigurationList;
			buildConfigurations = (
				9522CB9B1E51F1553C2BB181 /* Debug */,
				8E7BBDD49F1F3D1B5489411D /* Release */,
			);
			defaultConfigurationIsVisible = 0;
			defaultConfigurationName = Debug;
		};
		57C4267E4937475A4C0CC31B /* Build configuration list for PBXAggregateTarget "GuitarAmpBasic - All" */ = {
			isa = XCConfigurationList;
			buildConfigurations = (
				A1FF6125C9C1B57187D74867 /* Debug */,
				44B41B2CB13C1A16D0FC064B /* Release */,
			);
			defaultConfigurationIsVisible = 0;
			defaultConfigurationName = Debug;
		};
		C80814B84837ACA53611212F /* Build configuration list for PBXNativeTarget "GuitarAmpBasic - Shared Code" */ = {
			isa = XCConfigurationList;
			buildConfigurations = (
				0C6D3C5D4F11EAD2CC15E384 /* Debug */,
				71DE2986AFCD1E8B0C9F9146 /* Release */,
			);
			defaultConfigurationIsVisible = 0;
			defaultConfigurationName = Debug;
		};
		D00EAA42C8DC835E5C8C1FAF /* Build configuration list for PBXProject "GuitarAmpBasic" */ = {
			isa = XCConfigurationList;
			buildConfigurations = (
				CA912D20A16E26DAC5151AD7 /* Release */,
				D02A244775DFE87FBD52FB56 /* Debug */,
			);
			defaultConfigurationIsVisible = 0;
			defaultConfigurationName = Debug;
		};
		FDED09B007C863B85F4EDE4A /* Build configuration list for PBXNativeTarget "GuitarAmpBasic - AU" */ = {
			isa = XCConfigurationList;
			buildConfigurations = (
				2669892B93A410BAB4CB1BDC /* Debug */,
				5DCCE0626FC95BA7E700A318 /* Release */,
			);
			defaultConfigurationIsVisible = 0;
			defaultConfigurationName = Debug;
		};
/* End XCConfigurationList section */
	};
	rootObject = C1CBA610FCB26361D8F3844E /* Project object */;
}
